// !$*UTF8*$!
{
	archiveVersion = 1;
	classes = {
	};
	objectVersion = 55;
	objects = {

/* Begin PBXBuildFile section */
		083515A89164BBF8A9DABAE5 /* Pods_Try_fb_01_Try_fb_01UITests.framework in Frameworks */ = {isa = PBXBuildFile; fileRef = 0AFB7FCD1408BA3AFFF22A7D /* Pods_Try_fb_01_Try_fb_01UITests.framework */; };
		7009E13F75AD1F2F1B219F4E /* Pods_Try_fb_01.framework in Frameworks */ = {isa = PBXBuildFile; fileRef = 703FD9AB205055C5063A4CE4 /* Pods_Try_fb_01.framework */; };
		A3EBD6E42D44A6D3B15AADB7 /* Pods_Try_fb_01Tests.framework in Frameworks */ = {isa = PBXBuildFile; fileRef = D0C2A51F53B8B9D7E7610662 /* Pods_Try_fb_01Tests.framework */; };
		F918ED7628BA6D7A0069C006 /* AppDelegate.swift in Sources */ = {isa = PBXBuildFile; fileRef = F918ED7528BA6D7A0069C006 /* AppDelegate.swift */; };
		F918ED7828BA6D7A0069C006 /* SceneDelegate.swift in Sources */ = {isa = PBXBuildFile; fileRef = F918ED7728BA6D7A0069C006 /* SceneDelegate.swift */; };
		F918ED7A28BA6D7A0069C006 /* ViewController.swift in Sources */ = {isa = PBXBuildFile; fileRef = F918ED7928BA6D7A0069C006 /* ViewController.swift */; };
		F918ED7D28BA6D7A0069C006 /* Main.storyboard in Resources */ = {isa = PBXBuildFile; fileRef = F918ED7B28BA6D7A0069C006 /* Main.storyboard */; };
		F918ED7F28BA6D7D0069C006 /* Assets.xcassets in Resources */ = {isa = PBXBuildFile; fileRef = F918ED7E28BA6D7D0069C006 /* Assets.xcassets */; };
		F918ED8228BA6D7D0069C006 /* LaunchScreen.storyboard in Resources */ = {isa = PBXBuildFile; fileRef = F918ED8028BA6D7D0069C006 /* LaunchScreen.storyboard */; };
		F918ED8D28BA6D7D0069C006 /* Try_fb_01Tests.swift in Sources */ = {isa = PBXBuildFile; fileRef = F918ED8C28BA6D7D0069C006 /* Try_fb_01Tests.swift */; };
		F918ED9728BA6D7D0069C006 /* Try_fb_01UITests.swift in Sources */ = {isa = PBXBuildFile; fileRef = F918ED9628BA6D7D0069C006 /* Try_fb_01UITests.swift */; };
		F918ED9928BA6D7D0069C006 /* Try_fb_01UITestsLaunchTests.swift in Sources */ = {isa = PBXBuildFile; fileRef = F918ED9828BA6D7D0069C006 /* Try_fb_01UITestsLaunchTests.swift */; };
		F918EDA628BA6EFC0069C006 /* GoogleService-Info.plist in Resources */ = {isa = PBXBuildFile; fileRef = F918EDA528BA6EFC0069C006 /* GoogleService-Info.plist */; };
/* End PBXBuildFile section */

/* Begin PBXContainerItemProxy section */
		F918ED8928BA6D7D0069C006 /* PBXContainerItemProxy */ = {
			isa = PBXContainerItemProxy;
			containerPortal = F918ED6A28BA6D7A0069C006 /* Project object */;
			proxyType = 1;
			remoteGlobalIDString = F918ED7128BA6D7A0069C006;
			remoteInfo = "Try-fb-01";
		};
		F918ED9328BA6D7D0069C006 /* PBXContainerItemProxy */ = {
			isa = PBXContainerItemProxy;
			containerPortal = F918ED6A28BA6D7A0069C006 /* Project object */;
			proxyType = 1;
			remoteGlobalIDString = F918ED7128BA6D7A0069C006;
			remoteInfo = "Try-fb-01";
		};
/* End PBXContainerItemProxy section */

/* Begin PBXFileReference section */
		0AFB7FCD1408BA3AFFF22A7D /* Pods_Try_fb_01_Try_fb_01UITests.framework */ = {isa = PBXFileReference; explicitFileType = wrapper.framework; includeInIndex = 0; path = Pods_Try_fb_01_Try_fb_01UITests.framework; sourceTree = BUILT_PRODUCTS_DIR; };
		12B38020D1FFD37D81BC449E /* Pods-Try-fb-01Tests.debug.xcconfig */ = {isa = PBXFileReference; includeInIndex = 1; lastKnownFileType = text.xcconfig; name = "Pods-Try-fb-01Tests.debug.xcconfig"; path = "Target Support Files/Pods-Try-fb-01Tests/Pods-Try-fb-01Tests.debug.xcconfig"; sourceTree = "<group>"; };
		19F686E8625A578AAF26F29F /* Pods-Try-fb-01-Try-fb-01UITests.release.xcconfig */ = {isa = PBXFileReference; includeInIndex = 1; lastKnownFileType = text.xcconfig; name = "Pods-Try-fb-01-Try-fb-01UITests.release.xcconfig"; path = "Target Support Files/Pods-Try-fb-01-Try-fb-01UITests/Pods-Try-fb-01-Try-fb-01UITests.release.xcconfig"; sourceTree = "<group>"; };
		69FCE94050138DA898EC6D28 /* Pods-Try-fb-01.release.xcconfig */ = {isa = PBXFileReference; includeInIndex = 1; lastKnownFileType = text.xcconfig; name = "Pods-Try-fb-01.release.xcconfig"; path = "Target Support Files/Pods-Try-fb-01/Pods-Try-fb-01.release.xcconfig"; sourceTree = "<group>"; };
		703FD9AB205055C5063A4CE4 /* Pods_Try_fb_01.framework */ = {isa = PBXFileReference; explicitFileType = wrapper.framework; includeInIndex = 0; path = Pods_Try_fb_01.framework; sourceTree = BUILT_PRODUCTS_DIR; };
		89E04D4A947D805BFFAF0198 /* Pods-Try-fb-01.debug.xcconfig */ = {isa = PBXFileReference; includeInIndex = 1; lastKnownFileType = text.xcconfig; name = "Pods-Try-fb-01.debug.xcconfig"; path = "Target Support Files/Pods-Try-fb-01/Pods-Try-fb-01.debug.xcconfig"; sourceTree = "<group>"; };
		92FCD6ACC78A84A86D7E0905 /* Pods-Try-fb-01Tests.release.xcconfig */ = {isa = PBXFileReference; includeInIndex = 1; lastKnownFileType = text.xcconfig; name = "Pods-Try-fb-01Tests.release.xcconfig"; path = "Target Support Files/Pods-Try-fb-01Tests/Pods-Try-fb-01Tests.release.xcconfig"; sourceTree = "<group>"; };
		D0C2A51F53B8B9D7E7610662 /* Pods_Try_fb_01Tests.framework */ = {isa = PBXFileReference; explicitFileType = wrapper.framework; includeInIndex = 0; path = Pods_Try_fb_01Tests.framework; sourceTree = BUILT_PRODUCTS_DIR; };
		E3DBA27D3B4EA48412A9EAAF /* Pods-Try-fb-01-Try-fb-01UITests.debug.xcconfig */ = {isa = PBXFileReference; includeInIndex = 1; lastKnownFileType = text.xcconfig; name = "Pods-Try-fb-01-Try-fb-01UITests.debug.xcconfig"; path = "Target Support Files/Pods-Try-fb-01-Try-fb-01UITests/Pods-Try-fb-01-Try-fb-01UITests.debug.xcconfig"; sourceTree = "<group>"; };
		F918ED7228BA6D7A0069C006 /* Try-fb-01.app */ = {isa = PBXFileReference; explicitFileType = wrapper.application; includeInIndex = 0; path = "Try-fb-01.app"; sourceTree = BUILT_PRODUCTS_DIR; };
		F918ED7528BA6D7A0069C006 /* AppDelegate.swift */ = {isa = PBXFileReference; lastKnownFileType = sourcecode.swift; path = AppDelegate.swift; sourceTree = "<group>"; };
		F918ED7728BA6D7A0069C006 /* SceneDelegate.swift */ = {isa = PBXFileReference; lastKnownFileType = sourcecode.swift; path = SceneDelegate.swift; sourceTree = "<group>"; };
		F918ED7928BA6D7A0069C006 /* ViewController.swift */ = {isa = PBXFileReference; lastKnownFileType = sourcecode.swift; path = ViewController.swift; sourceTree = "<group>"; };
		F918ED7C28BA6D7A0069C006 /* Base */ = {isa = PBXFileReference; lastKnownFileType = file.storyboard; name = Base; path = Base.lproj/Main.storyboard; sourceTree = "<group>"; };
		F918ED7E28BA6D7D0069C006 /* Assets.xcassets */ = {isa = PBXFileReference; lastKnownFileType = folder.assetcatalog; path = Assets.xcassets; sourceTree = "<group>"; };
		F918ED8128BA6D7D0069C006 /* Base */ = {isa = PBXFileReference; lastKnownFileType = file.storyboard; name = Base; path = Base.lproj/LaunchScreen.storyboard; sourceTree = "<group>"; };
		F918ED8328BA6D7D0069C006 /* Info.plist */ = {isa = PBXFileReference; lastKnownFileType = text.plist.xml; path = Info.plist; sourceTree = "<group>"; };
		F918ED8828BA6D7D0069C006 /* Try-fb-01Tests.xctest */ = {isa = PBXFileReference; explicitFileType = wrapper.cfbundle; includeInIndex = 0; path = "Try-fb-01Tests.xctest"; sourceTree = BUILT_PRODUCTS_DIR; };
		F918ED8C28BA6D7D0069C006 /* Try_fb_01Tests.swift */ = {isa = PBXFileReference; lastKnownFileType = sourcecode.swift; path = Try_fb_01Tests.swift; sourceTree = "<group>"; };
		F918ED9228BA6D7D0069C006 /* Try-fb-01UITests.xctest */ = {isa = PBXFileReference; explicitFileType = wrapper.cfbundle; includeInIndex = 0; path = "Try-fb-01UITests.xctest"; sourceTree = BUILT_PRODUCTS_DIR; };
		F918ED9628BA6D7D0069C006 /* Try_fb_01UITests.swift */ = {isa = PBXFileReference; lastKnownFileType = sourcecode.swift; path = Try_fb_01UITests.swift; sourceTree = "<group>"; };
		F918ED9828BA6D7D0069C006 /* Try_fb_01UITestsLaunchTests.swift */ = {isa = PBXFileReference; lastKnownFileType = sourcecode.swift; path = Try_fb_01UITestsLaunchTests.swift; sourceTree = "<group>"; };
		F918EDA528BA6EFC0069C006 /* GoogleService-Info.plist */ = {isa = PBXFileReference; fileEncoding = 4; lastKnownFileType = text.plist.xml; path = "GoogleService-Info.plist"; sourceTree = "<group>"; };
/* End PBXFileReference section */

/* Begin PBXFrameworksBuildPhase section */
		F918ED6F28BA6D7A0069C006 /* Frameworks */ = {
			isa = PBXFrameworksBuildPhase;
			buildActionMask = 2147483647;
			files = (
				7009E13F75AD1F2F1B219F4E /* Pods_Try_fb_01.framework in Frameworks */,
			);
			runOnlyForDeploymentPostprocessing = 0;
		};
		F918ED8528BA6D7D0069C006 /* Frameworks */ = {
			isa = PBXFrameworksBuildPhase;
			buildActionMask = 2147483647;
			files = (
				A3EBD6E42D44A6D3B15AADB7 /* Pods_Try_fb_01Tests.framework in Frameworks */,
			);
			runOnlyForDeploymentPostprocessing = 0;
		};
		F918ED8F28BA6D7D0069C006 /* Frameworks */ = {
			isa = PBXFrameworksBuildPhase;
			buildActionMask = 2147483647;
			files = (
				083515A89164BBF8A9DABAE5 /* Pods_Try_fb_01_Try_fb_01UITests.framework in Frameworks */,
			);
			runOnlyForDeploymentPostprocessing = 0;
		};
/* End PBXFrameworksBuildPhase section */

/* Begin PBXGroup section */
		5C09A826FA0DE20DE30CB9F4 /* Pods */ = {
			isa = PBXGroup;
			children = (
				89E04D4A947D805BFFAF0198 /* Pods-Try-fb-01.debug.xcconfig */,
				69FCE94050138DA898EC6D28 /* Pods-Try-fb-01.release.xcconfig */,
				E3DBA27D3B4EA48412A9EAAF /* Pods-Try-fb-01-Try-fb-01UITests.debug.xcconfig */,
				19F686E8625A578AAF26F29F /* Pods-Try-fb-01-Try-fb-01UITests.release.xcconfig */,
				12B38020D1FFD37D81BC449E /* Pods-Try-fb-01Tests.debug.xcconfig */,
				92FCD6ACC78A84A86D7E0905 /* Pods-Try-fb-01Tests.release.xcconfig */,
			);
			name = Pods;
			path = Pods;
			sourceTree = "<group>";
		};
		907FC4ECF1DDBEC47626E06D /* Frameworks */ = {
			isa = PBXGroup;
			children = (
				703FD9AB205055C5063A4CE4 /* Pods_Try_fb_01.framework */,
				0AFB7FCD1408BA3AFFF22A7D /* Pods_Try_fb_01_Try_fb_01UITests.framework */,
				D0C2A51F53B8B9D7E7610662 /* Pods_Try_fb_01Tests.framework */,
			);
			name = Frameworks;
			sourceTree = "<group>";
		};
		F918ED6928BA6D7A0069C006 = {
			isa = PBXGroup;
			children = (
				F918ED7428BA6D7A0069C006 /* Try-fb-01 */,
				F918ED8B28BA6D7D0069C006 /* Try-fb-01Tests */,
				F918ED9528BA6D7D0069C006 /* Try-fb-01UITests */,
				F918ED7328BA6D7A0069C006 /* Products */,
				5C09A826FA0DE20DE30CB9F4 /* Pods */,
				907FC4ECF1DDBEC47626E06D /* Frameworks */,
			);
			sourceTree = "<group>";
		};
		F918ED7328BA6D7A0069C006 /* Products */ = {
			isa = PBXGroup;
			children = (
				F918ED7228BA6D7A0069C006 /* Try-fb-01.app */,
				F918ED8828BA6D7D0069C006 /* Try-fb-01Tests.xctest */,
				F918ED9228BA6D7D0069C006 /* Try-fb-01UITests.xctest */,
			);
			name = Products;
			sourceTree = "<group>";
		};
		F918ED7428BA6D7A0069C006 /* Try-fb-01 */ = {
			isa = PBXGroup;
			children = (
				F918EDA528BA6EFC0069C006 /* GoogleService-Info.plist */,
				F918ED7528BA6D7A0069C006 /* AppDelegate.swift */,
				F918ED7728BA6D7A0069C006 /* SceneDelegate.swift */,
				F918ED7928BA6D7A0069C006 /* ViewController.swift */,
				F918ED7B28BA6D7A0069C006 /* Main.storyboard */,
				F918ED7E28BA6D7D0069C006 /* Assets.xcassets */,
				F918ED8028BA6D7D0069C006 /* LaunchScreen.storyboard */,
				F918ED8328BA6D7D0069C006 /* Info.plist */,
			);
			path = "Try-fb-01";
			sourceTree = "<group>";
		};
		F918ED8B28BA6D7D0069C006 /* Try-fb-01Tests */ = {
			isa = PBXGroup;
			children = (
				F918ED8C28BA6D7D0069C006 /* Try_fb_01Tests.swift */,
			);
			path = "Try-fb-01Tests";
			sourceTree = "<group>";
		};
		F918ED9528BA6D7D0069C006 /* Try-fb-01UITests */ = {
			isa = PBXGroup;
			children = (
				F918ED9628BA6D7D0069C006 /* Try_fb_01UITests.swift */,
				F918ED9828BA6D7D0069C006 /* Try_fb_01UITestsLaunchTests.swift */,
			);
			path = "Try-fb-01UITests";
			sourceTree = "<group>";
		};
/* End PBXGroup section */

/* Begin PBXNativeTarget section */
		F918ED7128BA6D7A0069C006 /* Try-fb-01 */ = {
			isa = PBXNativeTarget;
			buildConfigurationList = F918ED9C28BA6D7D0069C006 /* Build configuration list for PBXNativeTarget "Try-fb-01" */;
			buildPhases = (
				FE4ECCF7A004723DAD809353 /* [CP] Check Pods Manifest.lock */,
				F918ED6E28BA6D7A0069C006 /* Sources */,
				F918ED6F28BA6D7A0069C006 /* Frameworks */,
				F918ED7028BA6D7A0069C006 /* Resources */,
				B05E01ABACFB4FB2CD08338F /* [CP] Embed Pods Frameworks */,
			);
			buildRules = (
			);
			dependencies = (
			);
			name = "Try-fb-01";
			productName = "Try-fb-01";
			productReference = F918ED7228BA6D7A0069C006 /* Try-fb-01.app */;
			productType = "com.apple.product-type.application";
		};
		F918ED8728BA6D7D0069C006 /* Try-fb-01Tests */ = {
			isa = PBXNativeTarget;
			buildConfigurationList = F918ED9F28BA6D7D0069C006 /* Build configuration list for PBXNativeTarget "Try-fb-01Tests" */;
			buildPhases = (
				44609A881E001108AA3BE901 /* [CP] Check Pods Manifest.lock */,
				F918ED8428BA6D7D0069C006 /* Sources */,
				F918ED8528BA6D7D0069C006 /* Frameworks */,
				F918ED8628BA6D7D0069C006 /* Resources */,
			);
			buildRules = (
			);
			dependencies = (
				F918ED8A28BA6D7D0069C006 /* PBXTargetDependency */,
			);
			name = "Try-fb-01Tests";
			productName = "Try-fb-01Tests";
			productReference = F918ED8828BA6D7D0069C006 /* Try-fb-01Tests.xctest */;
			productType = "com.apple.product-type.bundle.unit-test";
		};
		F918ED9128BA6D7D0069C006 /* Try-fb-01UITests */ = {
			isa = PBXNativeTarget;
			buildConfigurationList = F918EDA228BA6D7D0069C006 /* Build configuration list for PBXNativeTarget "Try-fb-01UITests" */;
			buildPhases = (
				BB2E9559C135398E5320C6F5 /* [CP] Check Pods Manifest.lock */,
				F918ED8E28BA6D7D0069C006 /* Sources */,
				F918ED8F28BA6D7D0069C006 /* Frameworks */,
				F918ED9028BA6D7D0069C006 /* Resources */,
				E6C4F1145AC1F930CEDBF002 /* [CP] Embed Pods Frameworks */,
			);
			buildRules = (
			);
			dependencies = (
				F918ED9428BA6D7D0069C006 /* PBXTargetDependency */,
			);
			name = "Try-fb-01UITests";
			productName = "Try-fb-01UITests";
			productReference = F918ED9228BA6D7D0069C006 /* Try-fb-01UITests.xctest */;
			productType = "com.apple.product-type.bundle.ui-testing";
		};
/* End PBXNativeTarget section */

/* Begin PBXProject section */
		F918ED6A28BA6D7A0069C006 /* Project object */ = {
			isa = PBXProject;
			attributes = {
				BuildIndependentTargetsInParallel = 1;
				LastSwiftUpdateCheck = 1340;
				LastUpgradeCheck = 1340;
				TargetAttributes = {
					F918ED7128BA6D7A0069C006 = {
						CreatedOnToolsVersion = 13.4.1;
					};
					F918ED8728BA6D7D0069C006 = {
						CreatedOnToolsVersion = 13.4.1;
						TestTargetID = F918ED7128BA6D7A0069C006;
					};
					F918ED9128BA6D7D0069C006 = {
						CreatedOnToolsVersion = 13.4.1;
						TestTargetID = F918ED7128BA6D7A0069C006;
					};
				};
			};
			buildConfigurationList = F918ED6D28BA6D7A0069C006 /* Build configuration list for PBXProject "Try-fb-01" */;
			compatibilityVersion = "Xcode 13.0";
			developmentRegion = en;
			hasScannedForEncodings = 0;
			knownRegions = (
				en,
				Base,
			);
			mainGroup = F918ED6928BA6D7A0069C006;
			productRefGroup = F918ED7328BA6D7A0069C006 /* Products */;
			projectDirPath = "";
			projectRoot = "";
			targets = (
				F918ED7128BA6D7A0069C006 /* Try-fb-01 */,
				F918ED8728BA6D7D0069C006 /* Try-fb-01Tests */,
				F918ED9128BA6D7D0069C006 /* Try-fb-01UITests */,
			);
		};
/* End PBXProject section */

/* Begin PBXResourcesBuildPhase section */
		F918ED7028BA6D7A0069C006 /* Resources */ = {
			isa = PBXResourcesBuildPhase;
			buildActionMask = 2147483647;
			files = (
				F918ED8228BA6D7D0069C006 /* LaunchScreen.storyboard in Resources */,
				F918EDA628BA6EFC0069C006 /* GoogleService-Info.plist in Resources */,
				F918ED7F28BA6D7D0069C006 /* Assets.xcassets in Resources */,
				F918ED7D28BA6D7A0069C006 /* Main.storyboard in Resources */,
			);
			runOnlyForDeploymentPostprocessing = 0;
		};
		F918ED8628BA6D7D0069C006 /* Resources */ = {
			isa = PBXResourcesBuildPhase;
			buildActionMask = 2147483647;
			files = (
			);
			runOnlyForDeploymentPostprocessing = 0;
		};
		F918ED9028BA6D7D0069C006 /* Resources */ = {
			isa = PBXResourcesBuildPhase;
			buildActionMask = 2147483647;
			files = (
			);
			runOnlyForDeploymentPostprocessing = 0;
		};
/* End PBXResourcesBuildPhase section */

/* Begin PBXShellScriptBuildPhase section */
		44609A881E001108AA3BE901 /* [CP] Check Pods Manifest.lock */ = {
			isa = PBXShellScriptBuildPhase;
			buildActionMask = 2147483647;
			files = (
			);
			inputFileListPaths = (
			);
			inputPaths = (
				"${PODS_PODFILE_DIR_PATH}/Podfile.lock",
				"${PODS_ROOT}/Manifest.lock",
			);
			name = "[CP] Check Pods Manifest.lock";
			outputFileListPaths = (
			);
			outputPaths = (
				"$(DERIVED_FILE_DIR)/Pods-Try-fb-01Tests-checkManifestLockResult.txt",
			);
			runOnlyForDeploymentPostprocessing = 0;
			shellPath = /bin/sh;
			shellScript = "diff \"${PODS_PODFILE_DIR_PATH}/Podfile.lock\" \"${PODS_ROOT}/Manifest.lock\" > /dev/null\nif [ $? != 0 ] ; then\n    # print error to STDERR\n    echo \"error: The sandbox is not in sync with the Podfile.lock. Run 'pod install' or update your CocoaPods installation.\" >&2\n    exit 1\nfi\n# This output is used by Xcode 'outputs' to avoid re-running this script phase.\necho \"SUCCESS\" > \"${SCRIPT_OUTPUT_FILE_0}\"\n";
			showEnvVarsInLog = 0;
		};
		B05E01ABACFB4FB2CD08338F /* [CP] Embed Pods Frameworks */ = {
			isa = PBXShellScriptBuildPhase;
			buildActionMask = 2147483647;
			files = (
			);
			inputFileListPaths = (
				"${PODS_ROOT}/Target Support Files/Pods-Try-fb-01/Pods-Try-fb-01-frameworks-${CONFIGURATION}-input-files.xcfilelist",
			);
			name = "[CP] Embed Pods Frameworks";
			outputFileListPaths = (
				"${PODS_ROOT}/Target Support Files/Pods-Try-fb-01/Pods-Try-fb-01-frameworks-${CONFIGURATION}-output-files.xcfilelist",
			);
			runOnlyForDeploymentPostprocessing = 0;
			shellPath = /bin/sh;
			shellScript = "\"${PODS_ROOT}/Target Support Files/Pods-Try-fb-01/Pods-Try-fb-01-frameworks.sh\"\n";
			showEnvVarsInLog = 0;
		};
		BB2E9559C135398E5320C6F5 /* [CP] Check Pods Manifest.lock */ = {
			isa = PBXShellScriptBuildPhase;
			buildActionMask = 2147483647;
			files = (
			);
			inputFileListPaths = (
			);
			inputPaths = (
				"${PODS_PODFILE_DIR_PATH}/Podfile.lock",
				"${PODS_ROOT}/Manifest.lock",
			);
			name = "[CP] Check Pods Manifest.lock";
			outputFileListPaths = (
			);
			outputPaths = (
				"$(DERIVED_FILE_DIR)/Pods-Try-fb-01-Try-fb-01UITests-checkManifestLockResult.txt",
			);
			runOnlyForDeploymentPostprocessing = 0;
			shellPath = /bin/sh;
			shellScript = "diff \"${PODS_PODFILE_DIR_PATH}/Podfile.lock\" \"${PODS_ROOT}/Manifest.lock\" > /dev/null\nif [ $? != 0 ] ; then\n    # print error to STDERR\n    echo \"error: The sandbox is not in sync with the Podfile.lock. Run 'pod install' or update your CocoaPods installation.\" >&2\n    exit 1\nfi\n# This output is used by Xcode 'outputs' to avoid re-running this script phase.\necho \"SUCCESS\" > \"${SCRIPT_OUTPUT_FILE_0}\"\n";
			showEnvVarsInLog = 0;
		};
		E6C4F1145AC1F930CEDBF002 /* [CP] Embed Pods Frameworks */ = {
			isa = PBXShellScriptBuildPhase;
			buildActionMask = 2147483647;
			files = (
			);
			inputFileListPaths = (
				"${PODS_ROOT}/Target Support Files/Pods-Try-fb-01-Try-fb-01UITests/Pods-Try-fb-01-Try-fb-01UITests-frameworks-${CONFIGURATION}-input-files.xcfilelist",
			);
			name = "[CP] Embed Pods Frameworks";
			outputFileListPaths = (
				"${PODS_ROOT}/Target Support Files/Pods-Try-fb-01-Try-fb-01UITests/Pods-Try-fb-01-Try-fb-01UITests-frameworks-${CONFIGURATION}-output-files.xcfilelist",
			);
			runOnlyForDeploymentPostprocessing = 0;
			shellPath = /bin/sh;
			shellScript = "\"${PODS_ROOT}/Target Support Files/Pods-Try-fb-01-Try-fb-01UITests/Pods-Try-fb-01-Try-fb-01UITests-frameworks.sh\"\n";
			showEnvVarsInLog = 0;
		};
		FE4ECCF7A004723DAD809353 /* [CP] Check Pods Manifest.lock */ = {
			isa = PBXShellScriptBuildPhase;
			buildActionMask = 2147483647;
			files = (
			);
			inputFileListPaths = (
			);
			inputPaths = (
				"${PODS_PODFILE_DIR_PATH}/Podfile.lock",
				"${PODS_ROOT}/Manifest.lock",
			);
			name = "[CP] Check Pods Manifest.lock";
			outputFileListPaths = (
			);
			outputPaths = (
				"$(DERIVED_FILE_DIR)/Pods-Try-fb-01-checkManifestLockResult.txt",
			);
			runOnlyForDeploymentPostprocessing = 0;
			shellPath = /bin/sh;
			shellScript = "diff \"${PODS_PODFILE_DIR_PATH}/Podfile.lock\" \"${PODS_ROOT}/Manifest.lock\" > /dev/null\nif [ $? != 0 ] ; then\n    # print error to STDERR\n    echo \"error: The sandbox is not in sync with the Podfile.lock. Run 'pod install' or update your CocoaPods installation.\" >&2\n    exit 1\nfi\n# This output is used by Xcode 'outputs' to avoid re-running this script phase.\necho \"SUCCESS\" > \"${SCRIPT_OUTPUT_FILE_0}\"\n";
			showEnvVarsInLog = 0;
		};
/* End PBXShellScriptBuildPhase section */

/* Begin PBXSourcesBuildPhase section */
		F918ED6E28BA6D7A0069C006 /* Sources */ = {
			isa = PBXSourcesBuildPhase;
			buildActionMask = 2147483647;
			files = (
				F918ED7A28BA6D7A0069C006 /* ViewController.swift in Sources */,
				F918ED7628BA6D7A0069C006 /* AppDelegate.swift in Sources */,
				F918ED7828BA6D7A0069C006 /* SceneDelegate.swift in Sources */,
			);
			runOnlyForDeploymentPostprocessing = 0;
		};
		F918ED8428BA6D7D0069C006 /* Sources */ = {
			isa = PBXSourcesBuildPhase;
			buildActionMask = 2147483647;
			files = (
				F918ED8D28BA6D7D0069C006 /* Try_fb_01Tests.swift in Sources */,
			);
			runOnlyForDeploymentPostprocessing = 0;
		};
		F918ED8E28BA6D7D0069C006 /* Sources */ = {
			isa = PBXSourcesBuildPhase;
			buildActionMask = 2147483647;
			files = (
				F918ED9728BA6D7D0069C006 /* Try_fb_01UITests.swift in Sources */,
				F918ED9928BA6D7D0069C006 /* Try_fb_01UITestsLaunchTests.swift in Sources */,
			);
			runOnlyForDeploymentPostprocessing = 0;
		};
/* End PBXSourcesBuildPhase section */

/* Begin PBXTargetDependency section */
		F918ED8A28BA6D7D0069C006 /* PBXTargetDependency */ = {
			isa = PBXTargetDependency;
			target = F918ED7128BA6D7A0069C006 /* Try-fb-01 */;
			targetProxy = F918ED8928BA6D7D0069C006 /* PBXContainerItemProxy */;
		};
		F918ED9428BA6D7D0069C006 /* PBXTargetDependency */ = {
			isa = PBXTargetDependency;
			target = F918ED7128BA6D7A0069C006 /* Try-fb-01 */;
			targetProxy = F918ED9328BA6D7D0069C006 /* PBXContainerItemProxy */;
		};
/* End PBXTargetDependency section */

/* Begin PBXVariantGroup section */
		F918ED7B28BA6D7A0069C006 /* Main.storyboard */ = {
			isa = PBXVariantGroup;
			children = (
				F918ED7C28BA6D7A0069C006 /* Base */,
			);
			name = Main.storyboard;
			sourceTree = "<group>";
		};
		F918ED8028BA6D7D0069C006 /* LaunchScreen.storyboard */ = {
			isa = PBXVariantGroup;
			children = (
				F918ED8128BA6D7D0069C006 /* Base */,
			);
			name = LaunchScreen.storyboard;
			sourceTree = "<group>";
		};
/* End PBXVariantGroup section */

/* Begin XCBuildConfiguration section */
		F918ED9A28BA6D7D0069C006 /* Debug */ = {
			isa = XCBuildConfiguration;
			buildSettings = {
				ALWAYS_SEARCH_USER_PATHS = NO;
				CLANG_ANALYZER_NONNULL = YES;
				CLANG_ANALYZER_NUMBER_OBJECT_CONVERSION = YES_AGGRESSIVE;
				CLANG_CXX_LANGUAGE_STANDARD = "gnu++17";
				CLANG_ENABLE_MODULES = YES;
				CLANG_ENABLE_OBJC_ARC = YES;
				CLANG_ENABLE_OBJC_WEAK = YES;
				CLANG_WARN_BLOCK_CAPTURE_AUTORELEASING = YES;
				CLANG_WARN_BOOL_CONVERSION = YES;
				CLANG_WARN_COMMA = YES;
				CLANG_WARN_CONSTANT_CONVERSION = YES;
				CLANG_WARN_DEPRECATED_OBJC_IMPLEMENTATIONS = YES;
				CLANG_WARN_DIRECT_OBJC_ISA_USAGE = YES_ERROR;
				CLANG_WARN_DOCUMENTATION_COMMENTS = YES;
				CLANG_WARN_EMPTY_BODY = YES;
				CLANG_WARN_ENUM_CONVERSION = YES;
				CLANG_WARN_INFINITE_RECURSION = YES;
				CLANG_WARN_INT_CONVERSION = YES;
				CLANG_WARN_NON_LITERAL_NULL_CONVERSION = YES;
				CLANG_WARN_OBJC_IMPLICIT_RETAIN_SELF = YES;
				CLANG_WARN_OBJC_LITERAL_CONVERSION = YES;
				CLANG_WARN_OBJC_ROOT_CLASS = YES_ERROR;
				CLANG_WARN_QUOTED_INCLUDE_IN_FRAMEWORK_HEADER = YES;
				CLANG_WARN_RANGE_LOOP_ANALYSIS = YES;
				CLANG_WARN_STRICT_PROTOTYPES = YES;
				CLANG_WARN_SUSPICIOUS_MOVE = YES;
				CLANG_WARN_UNGUARDED_AVAILABILITY = YES_AGGRESSIVE;
				CLANG_WARN_UNREACHABLE_CODE = YES;
				CLANG_WARN__DUPLICATE_METHOD_MATCH = YES;
				COPY_PHASE_STRIP = NO;
				DEBUG_INFORMATION_FORMAT = dwarf;
				ENABLE_STRICT_OBJC_MSGSEND = YES;
				ENABLE_TESTABILITY = YES;
				GCC_C_LANGUAGE_STANDARD = gnu11;
				GCC_DYNAMIC_NO_PIC = NO;
				GCC_NO_COMMON_BLOCKS = YES;
				GCC_OPTIMIZATION_LEVEL = 0;
				GCC_PREPROCESSOR_DEFINITIONS = (
					"DEBUG=1",
					"$(inherited)",
				);
				GCC_WARN_64_TO_32_BIT_CONVERSION = YES;
				GCC_WARN_ABOUT_RETURN_TYPE = YES_ERROR;
				GCC_WARN_UNDECLARED_SELECTOR = YES;
				GCC_WARN_UNINITIALIZED_AUTOS = YES_AGGRESSIVE;
				GCC_WARN_UNUSED_FUNCTION = YES;
				GCC_WARN_UNUSED_VARIABLE = YES;
				IPHONEOS_DEPLOYMENT_TARGET = 15.5;
				MTL_ENABLE_DEBUG_INFO = INCLUDE_SOURCE;
				MTL_FAST_MATH = YES;
				ONLY_ACTIVE_ARCH = YES;
				SDKROOT = iphoneos;
				SWIFT_ACTIVE_COMPILATION_CONDITIONS = DEBUG;
				SWIFT_OPTIMIZATION_LEVEL = "-Onone";
			};
			name = Debug;
		};
		F918ED9B28BA6D7D0069C006 /* Release */ = {
			isa = XCBuildConfiguration;
			buildSettings = {
				ALWAYS_SEARCH_USER_PATHS = NO;
				CLANG_ANALYZER_NONNULL = YES;
				CLANG_ANALYZER_NUMBER_OBJECT_CONVERSION = YES_AGGRESSIVE;
				CLANG_CXX_LANGUAGE_STANDARD = "gnu++17";
				CLANG_ENABLE_MODULES = YES;
				CLANG_ENABLE_OBJC_ARC = YES;
				CLANG_ENABLE_OBJC_WEAK = YES;
				CLANG_WARN_BLOCK_CAPTURE_AUTORELEASING = YES;
				CLANG_WARN_BOOL_CONVERSION = YES;
				CLANG_WARN_COMMA = YES;
				CLANG_WARN_CONSTANT_CONVERSION = YES;
				CLANG_WARN_DEPRECATED_OBJC_IMPLEMENTATIONS = YES;
				CLANG_WARN_DIRECT_OBJC_ISA_USAGE = YES_ERROR;
				CLANG_WARN_DOCUMENTATION_COMMENTS = YES;
				CLANG_WARN_EMPTY_BODY = YES;
				CLANG_WARN_ENUM_CONVERSION = YES;
				CLANG_WARN_INFINITE_RECURSION = YES;
				CLANG_WARN_INT_CONVERSION = YES;
				CLANG_WARN_NON_LITERAL_NULL_CONVERSION = YES;
				CLANG_WARN_OBJC_IMPLICIT_RETAIN_SELF = YES;
				CLANG_WARN_OBJC_LITERAL_CONVERSION = YES;
				CLANG_WARN_OBJC_ROOT_CLASS = YES_ERROR;
				CLANG_WARN_QUOTED_INCLUDE_IN_FRAMEWORK_HEADER = YES;
				CLANG_WARN_RANGE_LOOP_ANALYSIS = YES;
				CLANG_WARN_STRICT_PROTOTYPES = YES;
				CLANG_WARN_SUSPICIOUS_MOVE = YES;
				CLANG_WARN_UNGUARDED_AVAILABILITY = YES_AGGRESSIVE;
				CLANG_WARN_UNREACHABLE_CODE = YES;
				CLANG_WARN__DUPLICATE_METHOD_MATCH = YES;
				COPY_PHASE_STRIP = NO;
				DEBUG_INFORMATION_FORMAT = "dwarf-with-dsym";
				ENABLE_NS_ASSERTIONS = NO;
				ENABLE_STRICT_OBJC_MSGSEND = YES;
				GCC_C_LANGUAGE_STANDARD = gnu11;
				GCC_NO_COMMON_BLOCKS = YES;
				GCC_WARN_64_TO_32_BIT_CONVERSION = YES;
				GCC_WARN_ABOUT_RETURN_TYPE = YES_ERROR;
				GCC_WARN_UNDECLARED_SELECTOR = YES;
				GCC_WARN_UNINITIALIZED_AUTOS = YES_AGGRESSIVE;
				GCC_WARN_UNUSED_FUNCTION = YES;
				GCC_WARN_UNUSED_VARIABLE = YES;
				IPHONEOS_DEPLOYMENT_TARGET = 15.5;
				MTL_ENABLE_DEBUG_INFO = NO;
				MTL_FAST_MATH = YES;
				SDKROOT = iphoneos;
				SWIFT_COMPILATION_MODE = wholemodule;
				SWIFT_OPTIMIZATION_LEVEL = "-O";
				VALIDATE_PRODUCT = YES;
			};
			name = Release;
		};
		F918ED9D28BA6D7D0069C006 /* Debug */ = {
			isa = XCBuildConfiguration;
			baseConfigurationReference = 89E04D4A947D805BFFAF0198 /* Pods-Try-fb-01.debug.xcconfig */;
			buildSettings = {
				ASSETCATALOG_COMPILER_APPICON_NAME = AppIcon;
				ASSETCATALOG_COMPILER_GLOBAL_ACCENT_COLOR_NAME = AccentColor;
				CODE_SIGN_STYLE = Automatic;
				CURRENT_PROJECT_VERSION = 1;
				DEVELOPMENT_TEAM = 6RYV8J9924;
				GENERATE_INFOPLIST_FILE = YES;
				INFOPLIST_FILE = "Try-fb-01/Info.plist";
				INFOPLIST_KEY_UIApplicationSupportsIndirectInputEvents = YES;
				INFOPLIST_KEY_UILaunchStoryboardName = LaunchScreen;
				INFOPLIST_KEY_UIMainStoryboardFile = Main;
				INFOPLIST_KEY_UISupportedInterfaceOrientations_iPad = "UIInterfaceOrientationPortrait UIInterfaceOrientationPortraitUpsideDown UIInterfaceOrientationLandscapeLeft UIInterfaceOrientationLandscapeRight";
				INFOPLIST_KEY_UISupportedInterfaceOrientations_iPhone = "UIInterfaceOrientationPortrait UIInterfaceOrientationLandscapeLeft UIInterfaceOrientationLandscapeRight";
				LD_RUNPATH_SEARCH_PATHS = (
					"$(inherited)",
					"@executable_path/Frameworks",
				);
				MARKETING_VERSION = 1.0;
				PRODUCT_BUNDLE_IDENTIFIER = "com.fattah2402.Try-fb-01";
				PRODUCT_NAME = "$(TARGET_NAME)";
				SWIFT_EMIT_LOC_STRINGS = YES;
				SWIFT_VERSION = 5.0;
				TARGETED_DEVICE_FAMILY = "1,2";
			};
			name = Debug;
		};
		F918ED9E28BA6D7D0069C006 /* Release */ = {
			isa = XCBuildConfiguration;
			baseConfigurationReference = 69FCE94050138DA898EC6D28 /* Pods-Try-fb-01.release.xcconfig */;
			buildSettings = {
				ASSETCATALOG_COMPILER_APPICON_NAME = AppIcon;
				ASSETCATALOG_COMPILER_GLOBAL_ACCENT_COLOR_NAME = AccentColor;
				CODE_SIGN_STYLE = Automatic;
				CURRENT_PROJECT_VERSION = 1;
				DEVELOPMENT_TEAM = 6RYV8J9924;
				GENERATE_INFOPLIST_FILE = YES;
				INFOPLIST_FILE = "Try-fb-01/Info.plist";
				INFOPLIST_KEY_UIApplicationSupportsIndirectInputEvents = YES;
				INFOPLIST_KEY_UILaunchStoryboardName = LaunchScreen;
				INFOPLIST_KEY_UIMainStoryboardFile = Main;
				INFOPLIST_KEY_UISupportedInterfaceOrientations_iPad = "UIInterfaceOrientationPortrait UIInterfaceOrientationPortraitUpsideDown UIInterfaceOrientationLandscapeLeft UIInterfaceOrientationLandscapeRight";
				INFOPLIST_KEY_UISupportedInterfaceOrientations_iPhone = "UIInterfaceOrientationPortrait UIInterfaceOrientationLandscapeLeft UIInterfaceOrientationLandscapeRight";
				LD_RUNPATH_SEARCH_PATHS = (
					"$(inherited)",
					"@executable_path/Frameworks",
				);
				MARKETING_VERSION = 1.0;
				PRODUCT_BUNDLE_IDENTIFIER = "com.fattah2402.Try-fb-01";
				PRODUCT_NAME = "$(TARGET_NAME)";
				SWIFT_EMIT_LOC_STRINGS = YES;
				SWIFT_VERSION = 5.0;
				TARGETED_DEVICE_FAMILY = "1,2";
			};
			name = Release;
		};
		F918EDA028BA6D7D0069C006 /* Debug */ = {
			isa = XCBuildConfiguration;
			baseConfigurationReference = 12B38020D1FFD37D81BC449E /* Pods-Try-fb-01Tests.debug.xcconfig */;
			buildSettings = {
				ALWAYS_EMBED_SWIFT_STANDARD_LIBRARIES = YES;
				BUNDLE_LOADER = "$(TEST_HOST)";
				CODE_SIGN_STYLE = Automatic;
				CURRENT_PROJECT_VERSION = 1;
				DEVELOPMENT_TEAM = 6RYV8J9924;
				GENERATE_INFOPLIST_FILE = YES;
				IPHONEOS_DEPLOYMENT_TARGET = 15.5;
				MARKETING_VERSION = 1.0;
				PRODUCT_BUNDLE_IDENTIFIER = "com.fattah2402.Try-fb-01Tests";
				PRODUCT_NAME = "$(TARGET_NAME)";
				SWIFT_EMIT_LOC_STRINGS = NO;
				SWIFT_VERSION = 5.0;
				TARGETED_DEVICE_FAMILY = "1,2";
				TEST_HOST = "$(BUILT_PRODUCTS_DIR)/Try-fb-01.app/Try-fb-01";
			};
			name = Debug;
		};
		F918EDA128BA6D7D0069C006 /* Release */ = {
			isa = XCBuildConfiguration;
			baseConfigurationReference = 92FCD6ACC78A84A86D7E0905 /* Pods-Try-fb-01Tests.release.xcconfig */;
			buildSettings = {
				ALWAYS_EMBED_SWIFT_STANDARD_LIBRARIES = YES;
				BUNDLE_LOADER = "$(TEST_HOST)";
				CODE_SIGN_STYLE = Automatic;
				CURRENT_PROJECT_VERSION = 1;
				DEVELOPMENT_TEAM = 6RYV8J9924;
				GENERATE_INFOPLIST_FILE = YES;
				IPHONEOS_DEPLOYMENT_TARGET = 15.5;
				MARKETING_VERSION = 1.0;
				PRODUCT_BUNDLE_IDENTIFIER = "com.fattah2402.Try-fb-01Tests";
				PRODUCT_NAME = "$(TARGET_NAME)";
				SWIFT_EMIT_LOC_STRINGS = NO;
				SWIFT_VERSION = 5.0;
				TARGETED_DEVICE_FAMILY = "1,2";
				TEST_HOST = "$(BUILT_PRODUCTS_DIR)/Try-fb-01.app/Try-fb-01";
			};
			name = Release;
		};
		F918EDA328BA6D7D0069C006 /* Debug */ = {
			isa = XCBuildConfiguration;
			baseConfigurationReference = E3DBA27D3B4EA48412A9EAAF /* Pods-Try-fb-01-Try-fb-01UITests.debug.xcconfig */;
			buildSettings = {
				ALWAYS_EMBED_SWIFT_STANDARD_LIBRARIES = YES;
				CODE_SIGN_STYLE = Automatic;
				CURRENT_PROJECT_VERSION = 1;
				DEVELOPMENT_TEAM = 6RYV8J9924;
				GENERATE_INFOPLIST_FILE = YES;
				MARKETING_VERSION = 1.0;
				PRODUCT_BUNDLE_IDENTIFIER = "com.fattah2402.Try-fb-01UITests";
				PRODUCT_NAME = "$(TARGET_NAME)";
				SWIFT_EMIT_LOC_STRINGS = NO;
				SWIFT_VERSION = 5.0;
				TARGETED_DEVICE_FAMILY = "1,2";
				TEST_TARGET_NAME = "Try-fb-01";
			};
			name = Debug;
		};
		F918EDA428BA6D7D0069C006 /* Release */ = {
			isa = XCBuildConfiguration;
			baseConfigurationReference = 19F686E8625A578AAF26F29F /* Pods-Try-fb-01-Try-fb-01UITests.release.xcconfig */;
			buildSettings = {
				ALWAYS_EMBED_SWIFT_STANDARD_LIBRARIES = YES;
				CODE_SIGN_STYLE = Automatic;
				CURRENT_PROJECT_VERSION = 1;
				DEVELOPMENT_TEAM = 6RYV8J9924;
				GENERATE_INFOPLIST_FILE = YES;
				MARKETING_VERSION = 1.0;
				PRODUCT_BUNDLE_IDENTIFIER = "com.fattah2402.Try-fb-01UITests";
				PRODUCT_NAME = "$(TARGET_NAME)";
				SWIFT_EMIT_LOC_STRINGS = NO;
				SWIFT_VERSION = 5.0;
				TARGETED_DEVICE_FAMILY = "1,2";
				TEST_TARGET_NAME = "Try-fb-01";
			};
			name = Release;
		};
/* End XCBuildConfiguration section */

/* Begin XCConfigurationList section */
		F918ED6D28BA6D7A0069C006 /* Build configuration list for PBXProject "Try-fb-01" */ = {
			isa = XCConfigurationList;
			buildConfigurations = (
				F918ED9A28BA6D7D0069C006 /* Debug */,
				F918ED9B28BA6D7D0069C006 /* Release */,
			);
			defaultConfigurationIsVisible = 0;
			defaultConfigurationName = Release;
		};
		F918ED9C28BA6D7D0069C006 /* Build configuration list for PBXNativeTarget "Try-fb-01" */ = {
			isa = XCConfigurationList;
			buildConfigurations = (
				F918ED9D28BA6D7D0069C006 /* Debug */,
				F918ED9E28BA6D7D0069C006 /* Release */,
			);
			defaultConfigurationIsVisible = 0;
			defaultConfigurationName = Release;
		};
		F918ED9F28BA6D7D0069C006 /* Build configuration list for PBXNativeTarget "Try-fb-01Tests" */ = {
			isa = XCConfigurationList;
			buildConfigurations = (
				F918EDA028BA6D7D0069C006 /* Debug */,
				F918EDA128BA6D7D0069C006 /* Release */,
			);
			defaultConfigurationIsVisible = 0;
			defaultConfigurationName = Release;
		};
		F918EDA228BA6D7D0069C006 /* Build configuration list for PBXNativeTarget "Try-fb-01UITests" */ = {
			isa = XCConfigurationList;
			buildConfigurations = (
				F918EDA328BA6D7D0069C006 /* Debug */,
				F918EDA428BA6D7D0069C006 /* Release */,
			);
			defaultConfigurationIsVisible = 0;
			defaultConfigurationName = Release;
		};
/* End XCConfigurationList section */
	};
	rootObject = F918ED6A28BA6D7A0069C006 /* Project object */;
}
