// !$*UTF8*$!
{
	archiveVersion = 1;
	classes = {
	};
	objectVersion = 56;
	objects = {

/* Begin PBXBuildFile section */
		F967EF4429E9B9C100059767 /* SwiftUI_DragAndDropApp.swift in Sources */ = {isa = PBXBuildFile; fileRef = F967EF4329E9B9C100059767 /* SwiftUI_DragAndDropApp.swift */; };
		F967EF4829E9B9C300059767 /* Assets.xcassets in Resources */ = {isa = PBXBuildFile; fileRef = F967EF4729E9B9C300059767 /* Assets.xcassets */; };
		F967EF4B29E9B9C300059767 /* Preview Assets.xcassets in Resources */ = {isa = PBXBuildFile; fileRef = F967EF4A29E9B9C300059767 /* Preview Assets.xcassets */; };
		F967EF5329E9BAEF00059767 /* Toy.swift in Sources */ = {isa = PBXBuildFile; fileRef = F967EF5229E9BAEF00059767 /* Toy.swift */; };
		F967EF5629E9BB9700059767 /* BabyToyView.swift in Sources */ = {isa = PBXBuildFile; fileRef = F967EF5529E9BB9700059767 /* BabyToyView.swift */; };
		F967EF5829E9BBBB00059767 /* DraggableToy.swift in Sources */ = {isa = PBXBuildFile; fileRef = F967EF5729E9BBBB00059767 /* DraggableToy.swift */; };
/* End PBXBuildFile section */

/* Begin PBXFileReference section */
		F967EF4029E9B9C100059767 /* SwiftUI-DragAndDrop.app */ = {isa = PBXFileReference; explicitFileType = wrapper.application; includeInIndex = 0; path = "SwiftUI-DragAndDrop.app"; sourceTree = BUILT_PRODUCTS_DIR; };
		F967EF4329E9B9C100059767 /* SwiftUI_DragAndDropApp.swift */ = {isa = PBXFileReference; lastKnownFileType = sourcecode.swift; path = SwiftUI_DragAndDropApp.swift; sourceTree = "<group>"; };
		F967EF4729E9B9C300059767 /* Assets.xcassets */ = {isa = PBXFileReference; lastKnownFileType = folder.assetcatalog; path = Assets.xcassets; sourceTree = "<group>"; };
		F967EF4A29E9B9C300059767 /* Preview Assets.xcassets */ = {isa = PBXFileReference; lastKnownFileType = folder.assetcatalog; path = "Preview Assets.xcassets"; sourceTree = "<group>"; };
		F967EF5229E9BAEF00059767 /* Toy.swift */ = {isa = PBXFileReference; lastKnownFileType = sourcecode.swift; path = Toy.swift; sourceTree = "<group>"; };
		F967EF5529E9BB9700059767 /* BabyToyView.swift */ = {isa = PBXFileReference; lastKnownFileType = sourcecode.swift; path = BabyToyView.swift; sourceTree = "<group>"; };
		F967EF5729E9BBBB00059767 /* DraggableToy.swift */ = {isa = PBXFileReference; lastKnownFileType = sourcecode.swift; path = DraggableToy.swift; sourceTree = "<group>"; };
/* End PBXFileReference section */

/* Begin PBXFrameworksBuildPhase section */
		F967EF3D29E9B9C100059767 /* Frameworks */ = {
			isa = PBXFrameworksBuildPhase;
			buildActionMask = 2147483647;
			files = (
			);
			runOnlyForDeploymentPostprocessing = 0;
		};
/* End PBXFrameworksBuildPhase section */

/* Begin PBXGroup section */
		F967EF3729E9B9C100059767 = {
			isa = PBXGroup;
			children = (
				F967EF4229E9B9C100059767 /* SwiftUI-DragAndDrop */,
				F967EF4129E9B9C100059767 /* Products */,
			);
			sourceTree = "<group>";
		};
		F967EF4129E9B9C100059767 /* Products */ = {
			isa = PBXGroup;
			children = (
				F967EF4029E9B9C100059767 /* SwiftUI-DragAndDrop.app */,
			);
			name = Products;
			sourceTree = "<group>";
		};
		F967EF4229E9B9C100059767 /* SwiftUI-DragAndDrop */ = {
			isa = PBXGroup;
			children = (
				F967EF5429E9BB7A00059767 /* Views */,
				F967EF5129E9BAD500059767 /* Model */,
				F967EF4329E9B9C100059767 /* SwiftUI_DragAndDropApp.swift */,
				F967EF4729E9B9C300059767 /* Assets.xcassets */,
				F967EF4929E9B9C300059767 /* Preview Content */,
			);
			path = "SwiftUI-DragAndDrop";
			sourceTree = "<group>";
		};
		F967EF4929E9B9C300059767 /* Preview Content */ = {
			isa = PBXGroup;
			children = (
				F967EF4A29E9B9C300059767 /* Preview Assets.xcassets */,
			);
			path = "Preview Content";
			sourceTree = "<group>";
		};
		F967EF5129E9BAD500059767 /* Model */ = {
			isa = PBXGroup;
			children = (
				F967EF5229E9BAEF00059767 /* Toy.swift */,
			);
			path = Model;
			sourceTree = "<group>";
		};
		F967EF5429E9BB7A00059767 /* Views */ = {
			isa = PBXGroup;
			children = (
				F967EF5529E9BB9700059767 /* BabyToyView.swift */,
				F967EF5729E9BBBB00059767 /* DraggableToy.swift */,
			);
			path = Views;
			sourceTree = "<group>";
		};
/* End PBXGroup section */

/* Begin PBXNativeTarget section */
		F967EF3F29E9B9C100059767 /* SwiftUI-DragAndDrop */ = {
			isa = PBXNativeTarget;
			buildConfigurationList = F967EF4E29E9B9C300059767 /* Build configuration list for PBXNativeTarget "SwiftUI-DragAndDrop" */;
			buildPhases = (
				F967EF3C29E9B9C100059767 /* Sources */,
				F967EF3D29E9B9C100059767 /* Frameworks */,
				F967EF3E29E9B9C100059767 /* Resources */,
			);
			buildRules = (
			);
			dependencies = (
			);
			name = "SwiftUI-DragAndDrop";
			productName = "SwiftUI-DragAndDrop";
			productReference = F967EF4029E9B9C100059767 /* SwiftUI-DragAndDrop.app */;
			productType = "com.apple.product-type.application";
		};
/* End PBXNativeTarget section */

/* Begin PBXProject section */
		F967EF3829E9B9C100059767 /* Project object */ = {
			isa = PBXProject;
			attributes = {
				BuildIndependentTargetsInParallel = 1;
				LastSwiftUpdateCheck = 1430;
				LastUpgradeCheck = 1430;
				TargetAttributes = {
					F967EF3F29E9B9C100059767 = {
						CreatedOnToolsVersion = 14.3;
					};
				};
			};
			buildConfigurationList = F967EF3B29E9B9C100059767 /* Build configuration list for PBXProject "SwiftUI-DragAndDrop" */;
			compatibilityVersion = "Xcode 14.0";
			developmentRegion = en;
			hasScannedForEncodings = 0;
			knownRegions = (
				en,
				Base,
			);
			mainGroup = F967EF3729E9B9C100059767;
			productRefGroup = F967EF4129E9B9C100059767 /* Products */;
			projectDirPath = "";
			projectRoot = "";
			targets = (
				F967EF3F29E9B9C100059767 /* SwiftUI-DragAndDrop */,
			);
		};
/* End PBXProject section */

/* Begin PBXResourcesBuildPhase section */
		F967EF3E29E9B9C100059767 /* Resources */ = {
			isa = PBXResourcesBuildPhase;
			buildActionMask = 2147483647;
			files = (
				F967EF4B29E9B9C300059767 /* Preview Assets.xcassets in Resources */,
				F967EF4829E9B9C300059767 /* Assets.xcassets in Resources */,
			);
			runOnlyForDeploymentPostprocessing = 0;
		};
/* End PBXResourcesBuildPhase section */

/* Begin PBXSourcesBuildPhase section */
		F967EF3C29E9B9C100059767 /* Sources */ = {
			isa = PBXSourcesBuildPhase;
			buildActionMask = 2147483647;
			files = (
				F967EF5629E9BB9700059767 /* BabyToyView.swift in Sources */,
				F967EF5329E9BAEF00059767 /* Toy.swift in Sources */,
				F967EF5829E9BBBB00059767 /* DraggableToy.swift in Sources */,
				F967EF4429E9B9C100059767 /* SwiftUI_DragAndDropApp.swift in Sources */,
			);
			runOnlyForDeploymentPostprocessing = 0;
		};
/* End PBXSourcesBuildPhase section */

/* Begin XCBuildConfiguration section */
		F967EF4C29E9B9C300059767 /* Debug */ = {
			isa = XCBuildConfiguration;
			buildSettings = {
				ALWAYS_SEARCH_USER_PATHS = NO;
				CLANG_ANALYZER_NONNULL = YES;
				CLANG_ANALYZER_NUMBER_OBJECT_CONVERSION = YES_AGGRESSIVE;
				CLANG_CXX_LANGUAGE_STANDARD = "gnu++20";
				CLANG_ENABLE_MODULES = YES;
				CLANG_ENABLE_OBJC_ARC = YES;
				CLANG_ENABLE_OBJC_WEAK = YES;
				CLANG_WARN_BLOCK_CAPTURE_AUTORELEASING = YES;
				CLANG_WARN_BOOL_CONVERSION = YES;
				CLANG_WARN_COMMA = YES;
				CLANG_WARN_CONSTANT_CONVERSION = YES;
				CLANG_WARN_DEPRECATED_OBJC_IMPLEMENTATIONS = YES;
				CLANG_WARN_DIRECT_OBJC_ISA_USAGE = YES_ERROR;
				CLANG_WARN_DOCUMENTATION_COMMENTS = YES;
				CLANG_WARN_EMPTY_BODY = YES;
				CLANG_WARN_ENUM_CONVERSION = YES;
				CLANG_WARN_INFINITE_RECURSION = YES;
				CLANG_WARN_INT_CONVERSION = YES;
				CLANG_WARN_NON_LITERAL_NULL_CONVERSION = YES;
				CLANG_WARN_OBJC_IMPLICIT_RETAIN_SELF = YES;
				CLANG_WARN_OBJC_LITERAL_CONVERSION = YES;
				CLANG_WARN_OBJC_ROOT_CLASS = YES_ERROR;
				CLANG_WARN_QUOTED_INCLUDE_IN_FRAMEWORK_HEADER = YES;
				CLANG_WARN_RANGE_LOOP_ANALYSIS = YES;
				CLANG_WARN_STRICT_PROTOTYPES = YES;
				CLANG_WARN_SUSPICIOUS_MOVE = YES;
				CLANG_WARN_UNGUARDED_AVAILABILITY = YES_AGGRESSIVE;
				CLANG_WARN_UNREACHABLE_CODE = YES;
				CLANG_WARN__DUPLICATE_METHOD_MATCH = YES;
				COPY_PHASE_STRIP = NO;
				DEBUG_INFORMATION_FORMAT = dwarf;
				ENABLE_STRICT_OBJC_MSGSEND = YES;
				ENABLE_TESTABILITY = YES;
				GCC_C_LANGUAGE_STANDARD = gnu11;
				GCC_DYNAMIC_NO_PIC = NO;
				GCC_NO_COMMON_BLOCKS = YES;
				GCC_OPTIMIZATION_LEVEL = 0;
				GCC_PREPROCESSOR_DEFINITIONS = (
					"DEBUG=1",
					"$(inherited)",
				);
				GCC_WARN_64_TO_32_BIT_CONVERSION = YES;
				GCC_WARN_ABOUT_RETURN_TYPE = YES_ERROR;
				GCC_WARN_UNDECLARED_SELECTOR = YES;
				GCC_WARN_UNINITIALIZED_AUTOS = YES_AGGRESSIVE;
				GCC_WARN_UNUSED_FUNCTION = YES;
				GCC_WARN_UNUSED_VARIABLE = YES;
				IPHONEOS_DEPLOYMENT_TARGET = 16.4;
				MTL_ENABLE_DEBUG_INFO = INCLUDE_SOURCE;
				MTL_FAST_MATH = YES;
				ONLY_ACTIVE_ARCH = YES;
				SDKROOT = iphoneos;
				SWIFT_ACTIVE_COMPILATION_CONDITIONS = DEBUG;
				SWIFT_OPTIMIZATION_LEVEL = "-Onone";
			};
			name = Debug;
		};
		F967EF4D29E9B9C300059767 /* Release */ = {
			isa = XCBuildConfiguration;
			buildSettings = {
				ALWAYS_SEARCH_USER_PATHS = NO;
				CLANG_ANALYZER_NONNULL = YES;
				CLANG_ANALYZER_NUMBER_OBJECT_CONVERSION = YES_AGGRESSIVE;
				CLANG_CXX_LANGUAGE_STANDARD = "gnu++20";
				CLANG_ENABLE_MODULES = YES;
				CLANG_ENABLE_OBJC_ARC = YES;
				CLANG_ENABLE_OBJC_WEAK = YES;
				CLANG_WARN_BLOCK_CAPTURE_AUTORELEASING = YES;
				CLANG_WARN_BOOL_CONVERSION = YES;
				CLANG_WARN_COMMA = YES;
				CLANG_WARN_CONSTANT_CONVERSION = YES;
				CLANG_WARN_DEPRECATED_OBJC_IMPLEMENTATIONS = YES;
				CLANG_WARN_DIRECT_OBJC_ISA_USAGE = YES_ERROR;
				CLANG_WARN_DOCUMENTATION_COMMENTS = YES;
				CLANG_WARN_EMPTY_BODY = YES;
				CLANG_WARN_ENUM_CONVERSION = YES;
				CLANG_WARN_INFINITE_RECURSION = YES;
				CLANG_WARN_INT_CONVERSION = YES;
				CLANG_WARN_NON_LITERAL_NULL_CONVERSION = YES;
				CLANG_WARN_OBJC_IMPLICIT_RETAIN_SELF = YES;
				CLANG_WARN_OBJC_LITERAL_CONVERSION = YES;
				CLANG_WARN_OBJC_ROOT_CLASS = YES_ERROR;
				CLANG_WARN_QUOTED_INCLUDE_IN_FRAMEWORK_HEADER = YES;
				CLANG_WARN_RANGE_LOOP_ANALYSIS = YES;
				CLANG_WARN_STRICT_PROTOTYPES = YES;
				CLANG_WARN_SUSPICIOUS_MOVE = YES;
				CLANG_WARN_UNGUARDED_AVAILABILITY = YES_AGGRESSIVE;
				CLANG_WARN_UNREACHABLE_CODE = YES;
				CLANG_WARN__DUPLICATE_METHOD_MATCH = YES;
				COPY_PHASE_STRIP = NO;
				DEBUG_INFORMATION_FORMAT = "dwarf-with-dsym";
				ENABLE_NS_ASSERTIONS = NO;
				ENABLE_STRICT_OBJC_MSGSEND = YES;
				GCC_C_LANGUAGE_STANDARD = gnu11;
				GCC_NO_COMMON_BLOCKS = YES;
				GCC_WARN_64_TO_32_BIT_CONVERSION = YES;
				GCC_WARN_ABOUT_RETURN_TYPE = YES_ERROR;
				GCC_WARN_UNDECLARED_SELECTOR = YES;
				GCC_WARN_UNINITIALIZED_AUTOS = YES_AGGRESSIVE;
				GCC_WARN_UNUSED_FUNCTION = YES;
				GCC_WARN_UNUSED_VARIABLE = YES;
				IPHONEOS_DEPLOYMENT_TARGET = 16.4;
				MTL_ENABLE_DEBUG_INFO = NO;
				MTL_FAST_MATH = YES;
				SDKROOT = iphoneos;
				SWIFT_COMPILATION_MODE = wholemodule;
				SWIFT_OPTIMIZATION_LEVEL = "-O";
				VALIDATE_PRODUCT = YES;
			};
			name = Release;
		};
		F967EF4F29E9B9C300059767 /* Debug */ = {
			isa = XCBuildConfiguration;
			buildSettings = {
				ASSETCATALOG_COMPILER_APPICON_NAME = AppIcon;
				ASSETCATALOG_COMPILER_GLOBAL_ACCENT_COLOR_NAME = AccentColor;
				CODE_SIGN_STYLE = Automatic;
				CURRENT_PROJECT_VERSION = 1;
				DEVELOPMENT_ASSET_PATHS = "\"SwiftUI-DragAndDrop/Preview Content\"";
				DEVELOPMENT_TEAM = 6RYV8J9924;
				ENABLE_PREVIEWS = YES;
				GENERATE_INFOPLIST_FILE = YES;
				INFOPLIST_KEY_UIApplicationSceneManifest_Generation = YES;
				INFOPLIST_KEY_UIApplicationSupportsIndirectInputEvents = YES;
				INFOPLIST_KEY_UILaunchScreen_Generation = YES;
				INFOPLIST_KEY_UISupportedInterfaceOrientations_iPad = "UIInterfaceOrientationPortrait UIInterfaceOrientationPortraitUpsideDown UIInterfaceOrientationLandscapeLeft UIInterfaceOrientationLandscapeRight";
				INFOPLIST_KEY_UISupportedInterfaceOrientations_iPhone = "UIInterfaceOrientationPortrait UIInterfaceOrientationLandscapeLeft UIInterfaceOrientationLandscapeRight";
				LD_RUNPATH_SEARCH_PATHS = (
					"$(inherited)",
					"@executable_path/Frameworks",
				);
				MARKETING_VERSION = 1.0;
				PRODUCT_BUNDLE_IDENTIFIER = "com.AppFatta.SwiftUI-DragAndDrop";
				PRODUCT_NAME = "$(TARGET_NAME)";
				SWIFT_EMIT_LOC_STRINGS = YES;
				SWIFT_VERSION = 5.0;
				TARGETED_DEVICE_FAMILY = "1,2";
			};
			name = Debug;
		};
		F967EF5029E9B9C300059767 /* Release */ = {
			isa = XCBuildConfiguration;
			buildSettings = {
				ASSETCATALOG_COMPILER_APPICON_NAME = AppIcon;
				ASSETCATALOG_COMPILER_GLOBAL_ACCENT_COLOR_NAME = AccentColor;
				CODE_SIGN_STYLE = Automatic;
				CURRENT_PROJECT_VERSION = 1;
				DEVELOPMENT_ASSET_PATHS = "\"SwiftUI-DragAndDrop/Preview Content\"";
				DEVELOPMENT_TEAM = 6RYV8J9924;
				ENABLE_PREVIEWS = YES;
				GENERATE_INFOPLIST_FILE = YES;
				INFOPLIST_KEY_UIApplicationSceneManifest_Generation = YES;
				INFOPLIST_KEY_UIApplicationSupportsIndirectInputEvents = YES;
				INFOPLIST_KEY_UILaunchScreen_Generation = YES;
				INFOPLIST_KEY_UISupportedInterfaceOrientations_iPad = "UIInterfaceOrientationPortrait UIInterfaceOrientationPortraitUpsideDown UIInterfaceOrientationLandscapeLeft UIInterfaceOrientationLandscapeRight";
				INFOPLIST_KEY_UISupportedInterfaceOrientations_iPhone = "UIInterfaceOrientationPortrait UIInterfaceOrientationLandscapeLeft UIInterfaceOrientationLandscapeRight";
				LD_RUNPATH_SEARCH_PATHS = (
					"$(inherited)",
					"@executable_path/Frameworks",
				);
				MARKETING_VERSION = 1.0;
				PRODUCT_BUNDLE_IDENTIFIER = "com.AppFatta.SwiftUI-DragAndDrop";
				PRODUCT_NAME = "$(TARGET_NAME)";
				SWIFT_EMIT_LOC_STRINGS = YES;
				SWIFT_VERSION = 5.0;
				TARGETED_DEVICE_FAMILY = "1,2";
			};
			name = Release;
		};
/* End XCBuildConfiguration section */

/* Begin XCConfigurationList section */
		F967EF3B29E9B9C100059767 /* Build configuration list for PBXProject "SwiftUI-DragAndDrop" */ = {
			isa = XCConfigurationList;
			buildConfigurations = (
				F967EF4C29E9B9C300059767 /* Debug */,
				F967EF4D29E9B9C300059767 /* Release */,
			);
			defaultConfigurationIsVisible = 0;
			defaultConfigurationName = Release;
		};
		F967EF4E29E9B9C300059767 /* Build configuration list for PBXNativeTarget "SwiftUI-DragAndDrop" */ = {
			isa = XCConfigurationList;
			buildConfigurations = (
				F967EF4F29E9B9C300059767 /* Debug */,
				F967EF5029E9B9C300059767 /* Release */,
			);
			defaultConfigurationIsVisible = 0;
			defaultConfigurationName = Release;
		};
/* End XCConfigurationList section */
	};
	rootObject = F967EF3829E9B9C100059767 /* Project object */;
}
