// !$*UTF8*$!
{
	archiveVersion = 1;
	classes = {
	};
	objectVersion = 55;
	objects = {

/* Begin PBXBuildFile section */
		70F6D44C3520772476BFAE5A /* Pods_3_NewsAppMVVM_3_NewsAppMVVMUITests.framework in Frameworks */ = {isa = PBXBuildFile; fileRef = 5D545C733AFBBC3C1D8FBFBC /* Pods_3_NewsAppMVVM_3_NewsAppMVVMUITests.framework */; };
		8773889AE848BC9DFA21CCA5 /* Pods_3_NewsAppMVVMTests.framework in Frameworks */ = {isa = PBXBuildFile; fileRef = 8E1486CF8C120CB661C957B4 /* Pods_3_NewsAppMVVMTests.framework */; };
		E5F1E30EA05EA0D99B936C1C /* Pods_3_NewsAppMVVM.framework in Frameworks */ = {isa = PBXBuildFile; fileRef = 399BB63FADFB46EB40ADB4C7 /* Pods_3_NewsAppMVVM.framework */; };
		F9AAFAF928E09DFC00266FB9 /* AppDelegate.swift in Sources */ = {isa = PBXBuildFile; fileRef = F9AAFAF828E09DFC00266FB9 /* AppDelegate.swift */; };
		F9AAFAFB28E09DFC00266FB9 /* SceneDelegate.swift in Sources */ = {isa = PBXBuildFile; fileRef = F9AAFAFA28E09DFC00266FB9 /* SceneDelegate.swift */; };
		F9AAFB0028E09DFC00266FB9 /* Main.storyboard in Resources */ = {isa = PBXBuildFile; fileRef = F9AAFAFE28E09DFC00266FB9 /* Main.storyboard */; };
		F9AAFB0228E09DFD00266FB9 /* Assets.xcassets in Resources */ = {isa = PBXBuildFile; fileRef = F9AAFB0128E09DFD00266FB9 /* Assets.xcassets */; };
		F9AAFB0528E09DFD00266FB9 /* LaunchScreen.storyboard in Resources */ = {isa = PBXBuildFile; fileRef = F9AAFB0328E09DFD00266FB9 /* LaunchScreen.storyboard */; };
		F9AAFB1028E09DFD00266FB9 /* __NewsAppMVVMTests.swift in Sources */ = {isa = PBXBuildFile; fileRef = F9AAFB0F28E09DFD00266FB9 /* __NewsAppMVVMTests.swift */; };
		F9AAFB1A28E09DFD00266FB9 /* __NewsAppMVVMUITests.swift in Sources */ = {isa = PBXBuildFile; fileRef = F9AAFB1928E09DFD00266FB9 /* __NewsAppMVVMUITests.swift */; };
		F9AAFB1C28E09DFD00266FB9 /* __NewsAppMVVMUITestsLaunchTests.swift in Sources */ = {isa = PBXBuildFile; fileRef = F9AAFB1B28E09DFD00266FB9 /* __NewsAppMVVMUITestsLaunchTests.swift */; };
		F9AAFB2A28E09FBE00266FB9 /* NewsTableViewController.swift in Sources */ = {isa = PBXBuildFile; fileRef = F9AAFB2928E09FBE00266FB9 /* NewsTableViewController.swift */; };
		F9AAFB2D28E0A0DA00266FB9 /* Article.swift in Sources */ = {isa = PBXBuildFile; fileRef = F9AAFB2C28E0A0DA00266FB9 /* Article.swift */; };
		F9AAFB3028E0A24600266FB9 /* URLRequest+Extensions.swift in Sources */ = {isa = PBXBuildFile; fileRef = F9AAFB2F28E0A24600266FB9 /* URLRequest+Extensions.swift */; };
		F9AAFB3328E0B2C700266FB9 /* ArticleViewModel.swift in Sources */ = {isa = PBXBuildFile; fileRef = F9AAFB3228E0B2C700266FB9 /* ArticleViewModel.swift */; };
		F9AAFB3628E0BCAD00266FB9 /* ArticleTableViewCell.swift in Sources */ = {isa = PBXBuildFile; fileRef = F9AAFB3528E0BCAD00266FB9 /* ArticleTableViewCell.swift */; };
/* End PBXBuildFile section */

/* Begin PBXContainerItemProxy section */
		F9AAFB0C28E09DFD00266FB9 /* PBXContainerItemProxy */ = {
			isa = PBXContainerItemProxy;
			containerPortal = F9AAFAED28E09DFC00266FB9 /* Project object */;
			proxyType = 1;
			remoteGlobalIDString = F9AAFAF428E09DFC00266FB9;
			remoteInfo = "3-NewsAppMVVM";
		};
		F9AAFB1628E09DFD00266FB9 /* PBXContainerItemProxy */ = {
			isa = PBXContainerItemProxy;
			containerPortal = F9AAFAED28E09DFC00266FB9 /* Project object */;
			proxyType = 1;
			remoteGlobalIDString = F9AAFAF428E09DFC00266FB9;
			remoteInfo = "3-NewsAppMVVM";
		};
/* End PBXContainerItemProxy section */

/* Begin PBXFileReference section */
		020F16F5BEA362BFF107D17E /* Pods-3-NewsAppMVVMTests.debug.xcconfig */ = {isa = PBXFileReference; includeInIndex = 1; lastKnownFileType = text.xcconfig; name = "Pods-3-NewsAppMVVMTests.debug.xcconfig"; path = "Target Support Files/Pods-3-NewsAppMVVMTests/Pods-3-NewsAppMVVMTests.debug.xcconfig"; sourceTree = "<group>"; };
		105A5BB9528D8540CA46F82C /* Pods-3-NewsAppMVVM.release.xcconfig */ = {isa = PBXFileReference; includeInIndex = 1; lastKnownFileType = text.xcconfig; name = "Pods-3-NewsAppMVVM.release.xcconfig"; path = "Target Support Files/Pods-3-NewsAppMVVM/Pods-3-NewsAppMVVM.release.xcconfig"; sourceTree = "<group>"; };
		399BB63FADFB46EB40ADB4C7 /* Pods_3_NewsAppMVVM.framework */ = {isa = PBXFileReference; explicitFileType = wrapper.framework; includeInIndex = 0; path = Pods_3_NewsAppMVVM.framework; sourceTree = BUILT_PRODUCTS_DIR; };
		5D545C733AFBBC3C1D8FBFBC /* Pods_3_NewsAppMVVM_3_NewsAppMVVMUITests.framework */ = {isa = PBXFileReference; explicitFileType = wrapper.framework; includeInIndex = 0; path = Pods_3_NewsAppMVVM_3_NewsAppMVVMUITests.framework; sourceTree = BUILT_PRODUCTS_DIR; };
		757A65E706E137FC6AFA594C /* Pods-3-NewsAppMVVM-3-NewsAppMVVMUITests.debug.xcconfig */ = {isa = PBXFileReference; includeInIndex = 1; lastKnownFileType = text.xcconfig; name = "Pods-3-NewsAppMVVM-3-NewsAppMVVMUITests.debug.xcconfig"; path = "Target Support Files/Pods-3-NewsAppMVVM-3-NewsAppMVVMUITests/Pods-3-NewsAppMVVM-3-NewsAppMVVMUITests.debug.xcconfig"; sourceTree = "<group>"; };
		82110C8C0563B73E5A9A2141 /* Pods-3-NewsAppMVVM-3-NewsAppMVVMUITests.release.xcconfig */ = {isa = PBXFileReference; includeInIndex = 1; lastKnownFileType = text.xcconfig; name = "Pods-3-NewsAppMVVM-3-NewsAppMVVMUITests.release.xcconfig"; path = "Target Support Files/Pods-3-NewsAppMVVM-3-NewsAppMVVMUITests/Pods-3-NewsAppMVVM-3-NewsAppMVVMUITests.release.xcconfig"; sourceTree = "<group>"; };
		8E1486CF8C120CB661C957B4 /* Pods_3_NewsAppMVVMTests.framework */ = {isa = PBXFileReference; explicitFileType = wrapper.framework; includeInIndex = 0; path = Pods_3_NewsAppMVVMTests.framework; sourceTree = BUILT_PRODUCTS_DIR; };
		BFC7699BFDF2783BCE96A068 /* Pods-3-NewsAppMVVMTests.release.xcconfig */ = {isa = PBXFileReference; includeInIndex = 1; lastKnownFileType = text.xcconfig; name = "Pods-3-NewsAppMVVMTests.release.xcconfig"; path = "Target Support Files/Pods-3-NewsAppMVVMTests/Pods-3-NewsAppMVVMTests.release.xcconfig"; sourceTree = "<group>"; };
		F64D173FA677EC2A34E841B5 /* Pods-3-NewsAppMVVM.debug.xcconfig */ = {isa = PBXFileReference; includeInIndex = 1; lastKnownFileType = text.xcconfig; name = "Pods-3-NewsAppMVVM.debug.xcconfig"; path = "Target Support Files/Pods-3-NewsAppMVVM/Pods-3-NewsAppMVVM.debug.xcconfig"; sourceTree = "<group>"; };
		F9AAFAF528E09DFC00266FB9 /* 3-NewsAppMVVM.app */ = {isa = PBXFileReference; explicitFileType = wrapper.application; includeInIndex = 0; path = "3-NewsAppMVVM.app"; sourceTree = BUILT_PRODUCTS_DIR; };
		F9AAFAF828E09DFC00266FB9 /* AppDelegate.swift */ = {isa = PBXFileReference; lastKnownFileType = sourcecode.swift; path = AppDelegate.swift; sourceTree = "<group>"; };
		F9AAFAFA28E09DFC00266FB9 /* SceneDelegate.swift */ = {isa = PBXFileReference; lastKnownFileType = sourcecode.swift; path = SceneDelegate.swift; sourceTree = "<group>"; };
		F9AAFAFF28E09DFC00266FB9 /* Base */ = {isa = PBXFileReference; lastKnownFileType = file.storyboard; name = Base; path = Base.lproj/Main.storyboard; sourceTree = "<group>"; };
		F9AAFB0128E09DFD00266FB9 /* Assets.xcassets */ = {isa = PBXFileReference; lastKnownFileType = folder.assetcatalog; path = Assets.xcassets; sourceTree = "<group>"; };
		F9AAFB0428E09DFD00266FB9 /* Base */ = {isa = PBXFileReference; lastKnownFileType = file.storyboard; name = Base; path = Base.lproj/LaunchScreen.storyboard; sourceTree = "<group>"; };
		F9AAFB0628E09DFD00266FB9 /* Info.plist */ = {isa = PBXFileReference; lastKnownFileType = text.plist.xml; path = Info.plist; sourceTree = "<group>"; };
		F9AAFB0B28E09DFD00266FB9 /* 3-NewsAppMVVMTests.xctest */ = {isa = PBXFileReference; explicitFileType = wrapper.cfbundle; includeInIndex = 0; path = "3-NewsAppMVVMTests.xctest"; sourceTree = BUILT_PRODUCTS_DIR; };
		F9AAFB0F28E09DFD00266FB9 /* __NewsAppMVVMTests.swift */ = {isa = PBXFileReference; lastKnownFileType = sourcecode.swift; path = __NewsAppMVVMTests.swift; sourceTree = "<group>"; };
		F9AAFB1528E09DFD00266FB9 /* 3-NewsAppMVVMUITests.xctest */ = {isa = PBXFileReference; explicitFileType = wrapper.cfbundle; includeInIndex = 0; path = "3-NewsAppMVVMUITests.xctest"; sourceTree = BUILT_PRODUCTS_DIR; };
		F9AAFB1928E09DFD00266FB9 /* __NewsAppMVVMUITests.swift */ = {isa = PBXFileReference; lastKnownFileType = sourcecode.swift; path = __NewsAppMVVMUITests.swift; sourceTree = "<group>"; };
		F9AAFB1B28E09DFD00266FB9 /* __NewsAppMVVMUITestsLaunchTests.swift */ = {isa = PBXFileReference; lastKnownFileType = sourcecode.swift; path = __NewsAppMVVMUITestsLaunchTests.swift; sourceTree = "<group>"; };
		F9AAFB2928E09FBE00266FB9 /* NewsTableViewController.swift */ = {isa = PBXFileReference; lastKnownFileType = sourcecode.swift; path = NewsTableViewController.swift; sourceTree = "<group>"; };
		F9AAFB2C28E0A0DA00266FB9 /* Article.swift */ = {isa = PBXFileReference; lastKnownFileType = sourcecode.swift; path = Article.swift; sourceTree = "<group>"; };
		F9AAFB2F28E0A24600266FB9 /* URLRequest+Extensions.swift */ = {isa = PBXFileReference; lastKnownFileType = sourcecode.swift; path = "URLRequest+Extensions.swift"; sourceTree = "<group>"; };
		F9AAFB3228E0B2C700266FB9 /* ArticleViewModel.swift */ = {isa = PBXFileReference; lastKnownFileType = sourcecode.swift; path = ArticleViewModel.swift; sourceTree = "<group>"; };
		F9AAFB3528E0BCAD00266FB9 /* ArticleTableViewCell.swift */ = {isa = PBXFileReference; lastKnownFileType = sourcecode.swift; path = ArticleTableViewCell.swift; sourceTree = "<group>"; };
/* End PBXFileReference section */

/* Begin PBXFrameworksBuildPhase section */
		F9AAFAF228E09DFC00266FB9 /* Frameworks */ = {
			isa = PBXFrameworksBuildPhase;
			buildActionMask = 2147483647;
			files = (
				E5F1E30EA05EA0D99B936C1C /* Pods_3_NewsAppMVVM.framework in Frameworks */,
			);
			runOnlyForDeploymentPostprocessing = 0;
		};
		F9AAFB0828E09DFD00266FB9 /* Frameworks */ = {
			isa = PBXFrameworksBuildPhase;
			buildActionMask = 2147483647;
			files = (
				8773889AE848BC9DFA21CCA5 /* Pods_3_NewsAppMVVMTests.framework in Frameworks */,
			);
			runOnlyForDeploymentPostprocessing = 0;
		};
		F9AAFB1228E09DFD00266FB9 /* Frameworks */ = {
			isa = PBXFrameworksBuildPhase;
			buildActionMask = 2147483647;
			files = (
				70F6D44C3520772476BFAE5A /* Pods_3_NewsAppMVVM_3_NewsAppMVVMUITests.framework in Frameworks */,
			);
			runOnlyForDeploymentPostprocessing = 0;
		};
/* End PBXFrameworksBuildPhase section */

/* Begin PBXGroup section */
		B25721B3BB863184B2E8B95A /* Frameworks */ = {
			isa = PBXGroup;
			children = (
				399BB63FADFB46EB40ADB4C7 /* Pods_3_NewsAppMVVM.framework */,
				5D545C733AFBBC3C1D8FBFBC /* Pods_3_NewsAppMVVM_3_NewsAppMVVMUITests.framework */,
				8E1486CF8C120CB661C957B4 /* Pods_3_NewsAppMVVMTests.framework */,
			);
			name = Frameworks;
			sourceTree = "<group>";
		};
		B2D775793A32034F2A33DA47 /* Pods */ = {
			isa = PBXGroup;
			children = (
				F64D173FA677EC2A34E841B5 /* Pods-3-NewsAppMVVM.debug.xcconfig */,
				105A5BB9528D8540CA46F82C /* Pods-3-NewsAppMVVM.release.xcconfig */,
				757A65E706E137FC6AFA594C /* Pods-3-NewsAppMVVM-3-NewsAppMVVMUITests.debug.xcconfig */,
				82110C8C0563B73E5A9A2141 /* Pods-3-NewsAppMVVM-3-NewsAppMVVMUITests.release.xcconfig */,
				020F16F5BEA362BFF107D17E /* Pods-3-NewsAppMVVMTests.debug.xcconfig */,
				BFC7699BFDF2783BCE96A068 /* Pods-3-NewsAppMVVMTests.release.xcconfig */,
			);
			path = Pods;
			sourceTree = "<group>";
		};
		F9AAFAEC28E09DFC00266FB9 = {
			isa = PBXGroup;
			children = (
				F9AAFAF728E09DFC00266FB9 /* 3-NewsAppMVVM */,
				F9AAFB0E28E09DFD00266FB9 /* 3-NewsAppMVVMTests */,
				F9AAFB1828E09DFD00266FB9 /* 3-NewsAppMVVMUITests */,
				F9AAFAF628E09DFC00266FB9 /* Products */,
				B2D775793A32034F2A33DA47 /* Pods */,
				B25721B3BB863184B2E8B95A /* Frameworks */,
			);
			sourceTree = "<group>";
		};
		F9AAFAF628E09DFC00266FB9 /* Products */ = {
			isa = PBXGroup;
			children = (
				F9AAFAF528E09DFC00266FB9 /* 3-NewsAppMVVM.app */,
				F9AAFB0B28E09DFD00266FB9 /* 3-NewsAppMVVMTests.xctest */,
				F9AAFB1528E09DFD00266FB9 /* 3-NewsAppMVVMUITests.xctest */,
			);
			name = Products;
			sourceTree = "<group>";
		};
		F9AAFAF728E09DFC00266FB9 /* 3-NewsAppMVVM */ = {
			isa = PBXGroup;
			children = (
				F9AAFB3428E0BC9200266FB9 /* Cells */,
				F9AAFB3128E0B2A700266FB9 /* View Models */,
				F9AAFB2E28E0A22500266FB9 /* Extensions */,
				F9AAFB2B28E0A0CB00266FB9 /* Models */,
				F9AAFB2828E09EAE00266FB9 /* Controllers */,
				F9AAFAF828E09DFC00266FB9 /* AppDelegate.swift */,
				F9AAFAFA28E09DFC00266FB9 /* SceneDelegate.swift */,
				F9AAFAFE28E09DFC00266FB9 /* Main.storyboard */,
				F9AAFB0128E09DFD00266FB9 /* Assets.xcassets */,
				F9AAFB0328E09DFD00266FB9 /* LaunchScreen.storyboard */,
				F9AAFB0628E09DFD00266FB9 /* Info.plist */,
			);
			path = "3-NewsAppMVVM";
			sourceTree = "<group>";
		};
		F9AAFB0E28E09DFD00266FB9 /* 3-NewsAppMVVMTests */ = {
			isa = PBXGroup;
			children = (
				F9AAFB0F28E09DFD00266FB9 /* __NewsAppMVVMTests.swift */,
			);
			path = "3-NewsAppMVVMTests";
			sourceTree = "<group>";
		};
		F9AAFB1828E09DFD00266FB9 /* 3-NewsAppMVVMUITests */ = {
			isa = PBXGroup;
			children = (
				F9AAFB1928E09DFD00266FB9 /* __NewsAppMVVMUITests.swift */,
				F9AAFB1B28E09DFD00266FB9 /* __NewsAppMVVMUITestsLaunchTests.swift */,
			);
			path = "3-NewsAppMVVMUITests";
			sourceTree = "<group>";
		};
		F9AAFB2828E09EAE00266FB9 /* Controllers */ = {
			isa = PBXGroup;
			children = (
				F9AAFB2928E09FBE00266FB9 /* NewsTableViewController.swift */,
			);
			path = Controllers;
			sourceTree = "<group>";
		};
		F9AAFB2B28E0A0CB00266FB9 /* Models */ = {
			isa = PBXGroup;
			children = (
				F9AAFB2C28E0A0DA00266FB9 /* Article.swift */,
			);
			path = Models;
			sourceTree = "<group>";
		};
		F9AAFB2E28E0A22500266FB9 /* Extensions */ = {
			isa = PBXGroup;
			children = (
				F9AAFB2F28E0A24600266FB9 /* URLRequest+Extensions.swift */,
			);
			path = Extensions;
			sourceTree = "<group>";
		};
		F9AAFB3128E0B2A700266FB9 /* View Models */ = {
			isa = PBXGroup;
			children = (
				F9AAFB3228E0B2C700266FB9 /* ArticleViewModel.swift */,
			);
			path = "View Models";
			sourceTree = "<group>";
		};
		F9AAFB3428E0BC9200266FB9 /* Cells */ = {
			isa = PBXGroup;
			children = (
				F9AAFB3528E0BCAD00266FB9 /* ArticleTableViewCell.swift */,
			);
			path = Cells;
			sourceTree = "<group>";
		};
/* End PBXGroup section */

/* Begin PBXNativeTarget section */
		F9AAFAF428E09DFC00266FB9 /* 3-NewsAppMVVM */ = {
			isa = PBXNativeTarget;
			buildConfigurationList = F9AAFB1F28E09DFD00266FB9 /* Build configuration list for PBXNativeTarget "3-NewsAppMVVM" */;
			buildPhases = (
				3F637ED37BFDBDA8F1091EA0 /* [CP] Check Pods Manifest.lock */,
				F9AAFAF128E09DFC00266FB9 /* Sources */,
				F9AAFAF228E09DFC00266FB9 /* Frameworks */,
				F9AAFAF328E09DFC00266FB9 /* Resources */,
				F268D1DED8D2B8508125B36E /* [CP] Embed Pods Frameworks */,
			);
			buildRules = (
			);
			dependencies = (
			);
			name = "3-NewsAppMVVM";
			productName = "3-NewsAppMVVM";
			productReference = F9AAFAF528E09DFC00266FB9 /* 3-NewsAppMVVM.app */;
			productType = "com.apple.product-type.application";
		};
		F9AAFB0A28E09DFD00266FB9 /* 3-NewsAppMVVMTests */ = {
			isa = PBXNativeTarget;
			buildConfigurationList = F9AAFB2228E09DFD00266FB9 /* Build configuration list for PBXNativeTarget "3-NewsAppMVVMTests" */;
			buildPhases = (
				773DD19D42964316F5A3637C /* [CP] Check Pods Manifest.lock */,
				F9AAFB0728E09DFD00266FB9 /* Sources */,
				F9AAFB0828E09DFD00266FB9 /* Frameworks */,
				F9AAFB0928E09DFD00266FB9 /* Resources */,
			);
			buildRules = (
			);
			dependencies = (
				F9AAFB0D28E09DFD00266FB9 /* PBXTargetDependency */,
			);
			name = "3-NewsAppMVVMTests";
			productName = "3-NewsAppMVVMTests";
			productReference = F9AAFB0B28E09DFD00266FB9 /* 3-NewsAppMVVMTests.xctest */;
			productType = "com.apple.product-type.bundle.unit-test";
		};
		F9AAFB1428E09DFD00266FB9 /* 3-NewsAppMVVMUITests */ = {
			isa = PBXNativeTarget;
			buildConfigurationList = F9AAFB2528E09DFD00266FB9 /* Build configuration list for PBXNativeTarget "3-NewsAppMVVMUITests" */;
			buildPhases = (
				4C5459447DEDED507D6C592A /* [CP] Check Pods Manifest.lock */,
				F9AAFB1128E09DFD00266FB9 /* Sources */,
				F9AAFB1228E09DFD00266FB9 /* Frameworks */,
				F9AAFB1328E09DFD00266FB9 /* Resources */,
				EC8F7B3ABDB472CE9AE1C233 /* [CP] Embed Pods Frameworks */,
			);
			buildRules = (
			);
			dependencies = (
				F9AAFB1728E09DFD00266FB9 /* PBXTargetDependency */,
			);
			name = "3-NewsAppMVVMUITests";
			productName = "3-NewsAppMVVMUITests";
			productReference = F9AAFB1528E09DFD00266FB9 /* 3-NewsAppMVVMUITests.xctest */;
			productType = "com.apple.product-type.bundle.ui-testing";
		};
/* End PBXNativeTarget section */

/* Begin PBXProject section */
		F9AAFAED28E09DFC00266FB9 /* Project object */ = {
			isa = PBXProject;
			attributes = {
				BuildIndependentTargetsInParallel = 1;
				LastSwiftUpdateCheck = 1400;
				LastUpgradeCheck = 1400;
				TargetAttributes = {
					F9AAFAF428E09DFC00266FB9 = {
						CreatedOnToolsVersion = 14.0;
					};
					F9AAFB0A28E09DFD00266FB9 = {
						CreatedOnToolsVersion = 14.0;
						TestTargetID = F9AAFAF428E09DFC00266FB9;
					};
					F9AAFB1428E09DFD00266FB9 = {
						CreatedOnToolsVersion = 14.0;
						TestTargetID = F9AAFAF428E09DFC00266FB9;
					};
				};
			};
			buildConfigurationList = F9AAFAF028E09DFC00266FB9 /* Build configuration list for PBXProject "3-NewsAppMVVM" */;
			compatibilityVersion = "Xcode 13.0";
			developmentRegion = en;
			hasScannedForEncodings = 0;
			knownRegions = (
				en,
				Base,
			);
			mainGroup = F9AAFAEC28E09DFC00266FB9;
			productRefGroup = F9AAFAF628E09DFC00266FB9 /* Products */;
			projectDirPath = "";
			projectRoot = "";
			targets = (
				F9AAFAF428E09DFC00266FB9 /* 3-NewsAppMVVM */,
				F9AAFB0A28E09DFD00266FB9 /* 3-NewsAppMVVMTests */,
				F9AAFB1428E09DFD00266FB9 /* 3-NewsAppMVVMUITests */,
			);
		};
/* End PBXProject section */

/* Begin PBXResourcesBuildPhase section */
		F9AAFAF328E09DFC00266FB9 /* Resources */ = {
			isa = PBXResourcesBuildPhase;
			buildActionMask = 2147483647;
			files = (
				F9AAFB0528E09DFD00266FB9 /* LaunchScreen.storyboard in Resources */,
				F9AAFB0228E09DFD00266FB9 /* Assets.xcassets in Resources */,
				F9AAFB0028E09DFC00266FB9 /* Main.storyboard in Resources */,
			);
			runOnlyForDeploymentPostprocessing = 0;
		};
		F9AAFB0928E09DFD00266FB9 /* Resources */ = {
			isa = PBXResourcesBuildPhase;
			buildActionMask = 2147483647;
			files = (
			);
			runOnlyForDeploymentPostprocessing = 0;
		};
		F9AAFB1328E09DFD00266FB9 /* Resources */ = {
			isa = PBXResourcesBuildPhase;
			buildActionMask = 2147483647;
			files = (
			);
			runOnlyForDeploymentPostprocessing = 0;
		};
/* End PBXResourcesBuildPhase section */

/* Begin PBXShellScriptBuildPhase section */
		3F637ED37BFDBDA8F1091EA0 /* [CP] Check Pods Manifest.lock */ = {
			isa = PBXShellScriptBuildPhase;
			buildActionMask = 2147483647;
			files = (
			);
			inputFileListPaths = (
			);
			inputPaths = (
				"${PODS_PODFILE_DIR_PATH}/Podfile.lock",
				"${PODS_ROOT}/Manifest.lock",
			);
			name = "[CP] Check Pods Manifest.lock";
			outputFileListPaths = (
			);
			outputPaths = (
				"$(DERIVED_FILE_DIR)/Pods-3-NewsAppMVVM-checkManifestLockResult.txt",
			);
			runOnlyForDeploymentPostprocessing = 0;
			shellPath = /bin/sh;
			shellScript = "diff \"${PODS_PODFILE_DIR_PATH}/Podfile.lock\" \"${PODS_ROOT}/Manifest.lock\" > /dev/null\nif [ $? != 0 ] ; then\n    # print error to STDERR\n    echo \"error: The sandbox is not in sync with the Podfile.lock. Run 'pod install' or update your CocoaPods installation.\" >&2\n    exit 1\nfi\n# This output is used by Xcode 'outputs' to avoid re-running this script phase.\necho \"SUCCESS\" > \"${SCRIPT_OUTPUT_FILE_0}\"\n";
			showEnvVarsInLog = 0;
		};
		4C5459447DEDED507D6C592A /* [CP] Check Pods Manifest.lock */ = {
			isa = PBXShellScriptBuildPhase;
			buildActionMask = 2147483647;
			files = (
			);
			inputFileListPaths = (
			);
			inputPaths = (
				"${PODS_PODFILE_DIR_PATH}/Podfile.lock",
				"${PODS_ROOT}/Manifest.lock",
			);
			name = "[CP] Check Pods Manifest.lock";
			outputFileListPaths = (
			);
			outputPaths = (
				"$(DERIVED_FILE_DIR)/Pods-3-NewsAppMVVM-3-NewsAppMVVMUITests-checkManifestLockResult.txt",
			);
			runOnlyForDeploymentPostprocessing = 0;
			shellPath = /bin/sh;
			shellScript = "diff \"${PODS_PODFILE_DIR_PATH}/Podfile.lock\" \"${PODS_ROOT}/Manifest.lock\" > /dev/null\nif [ $? != 0 ] ; then\n    # print error to STDERR\n    echo \"error: The sandbox is not in sync with the Podfile.lock. Run 'pod install' or update your CocoaPods installation.\" >&2\n    exit 1\nfi\n# This output is used by Xcode 'outputs' to avoid re-running this script phase.\necho \"SUCCESS\" > \"${SCRIPT_OUTPUT_FILE_0}\"\n";
			showEnvVarsInLog = 0;
		};
		773DD19D42964316F5A3637C /* [CP] Check Pods Manifest.lock */ = {
			isa = PBXShellScriptBuildPhase;
			buildActionMask = 2147483647;
			files = (
			);
			inputFileListPaths = (
			);
			inputPaths = (
				"${PODS_PODFILE_DIR_PATH}/Podfile.lock",
				"${PODS_ROOT}/Manifest.lock",
			);
			name = "[CP] Check Pods Manifest.lock";
			outputFileListPaths = (
			);
			outputPaths = (
				"$(DERIVED_FILE_DIR)/Pods-3-NewsAppMVVMTests-checkManifestLockResult.txt",
			);
			runOnlyForDeploymentPostprocessing = 0;
			shellPath = /bin/sh;
			shellScript = "diff \"${PODS_PODFILE_DIR_PATH}/Podfile.lock\" \"${PODS_ROOT}/Manifest.lock\" > /dev/null\nif [ $? != 0 ] ; then\n    # print error to STDERR\n    echo \"error: The sandbox is not in sync with the Podfile.lock. Run 'pod install' or update your CocoaPods installation.\" >&2\n    exit 1\nfi\n# This output is used by Xcode 'outputs' to avoid re-running this script phase.\necho \"SUCCESS\" > \"${SCRIPT_OUTPUT_FILE_0}\"\n";
			showEnvVarsInLog = 0;
		};
		EC8F7B3ABDB472CE9AE1C233 /* [CP] Embed Pods Frameworks */ = {
			isa = PBXShellScriptBuildPhase;
			buildActionMask = 2147483647;
			files = (
			);
			inputFileListPaths = (
				"${PODS_ROOT}/Target Support Files/Pods-3-NewsAppMVVM-3-NewsAppMVVMUITests/Pods-3-NewsAppMVVM-3-NewsAppMVVMUITests-frameworks-${CONFIGURATION}-input-files.xcfilelist",
			);
			name = "[CP] Embed Pods Frameworks";
			outputFileListPaths = (
				"${PODS_ROOT}/Target Support Files/Pods-3-NewsAppMVVM-3-NewsAppMVVMUITests/Pods-3-NewsAppMVVM-3-NewsAppMVVMUITests-frameworks-${CONFIGURATION}-output-files.xcfilelist",
			);
			runOnlyForDeploymentPostprocessing = 0;
			shellPath = /bin/sh;
			shellScript = "\"${PODS_ROOT}/Target Support Files/Pods-3-NewsAppMVVM-3-NewsAppMVVMUITests/Pods-3-NewsAppMVVM-3-NewsAppMVVMUITests-frameworks.sh\"\n";
			showEnvVarsInLog = 0;
		};
		F268D1DED8D2B8508125B36E /* [CP] Embed Pods Frameworks */ = {
			isa = PBXShellScriptBuildPhase;
			buildActionMask = 2147483647;
			files = (
			);
			inputFileListPaths = (
				"${PODS_ROOT}/Target Support Files/Pods-3-NewsAppMVVM/Pods-3-NewsAppMVVM-frameworks-${CONFIGURATION}-input-files.xcfilelist",
			);
			name = "[CP] Embed Pods Frameworks";
			outputFileListPaths = (
				"${PODS_ROOT}/Target Support Files/Pods-3-NewsAppMVVM/Pods-3-NewsAppMVVM-frameworks-${CONFIGURATION}-output-files.xcfilelist",
			);
			runOnlyForDeploymentPostprocessing = 0;
			shellPath = /bin/sh;
			shellScript = "\"${PODS_ROOT}/Target Support Files/Pods-3-NewsAppMVVM/Pods-3-NewsAppMVVM-frameworks.sh\"\n";
			showEnvVarsInLog = 0;
		};
/* End PBXShellScriptBuildPhase section */

/* Begin PBXSourcesBuildPhase section */
		F9AAFAF128E09DFC00266FB9 /* Sources */ = {
			isa = PBXSourcesBuildPhase;
			buildActionMask = 2147483647;
			files = (
				F9AAFB2D28E0A0DA00266FB9 /* Article.swift in Sources */,
				F9AAFAF928E09DFC00266FB9 /* AppDelegate.swift in Sources */,
				F9AAFAFB28E09DFC00266FB9 /* SceneDelegate.swift in Sources */,
				F9AAFB3328E0B2C700266FB9 /* ArticleViewModel.swift in Sources */,
				F9AAFB3028E0A24600266FB9 /* URLRequest+Extensions.swift in Sources */,
				F9AAFB3628E0BCAD00266FB9 /* ArticleTableViewCell.swift in Sources */,
				F9AAFB2A28E09FBE00266FB9 /* NewsTableViewController.swift in Sources */,
			);
			runOnlyForDeploymentPostprocessing = 0;
		};
		F9AAFB0728E09DFD00266FB9 /* Sources */ = {
			isa = PBXSourcesBuildPhase;
			buildActionMask = 2147483647;
			files = (
				F9AAFB1028E09DFD00266FB9 /* __NewsAppMVVMTests.swift in Sources */,
			);
			runOnlyForDeploymentPostprocessing = 0;
		};
		F9AAFB1128E09DFD00266FB9 /* Sources */ = {
			isa = PBXSourcesBuildPhase;
			buildActionMask = 2147483647;
			files = (
				F9AAFB1A28E09DFD00266FB9 /* __NewsAppMVVMUITests.swift in Sources */,
				F9AAFB1C28E09DFD00266FB9 /* __NewsAppMVVMUITestsLaunchTests.swift in Sources */,
			);
			runOnlyForDeploymentPostprocessing = 0;
		};
/* End PBXSourcesBuildPhase section */

/* Begin PBXTargetDependency section */
		F9AAFB0D28E09DFD00266FB9 /* PBXTargetDependency */ = {
			isa = PBXTargetDependency;
			target = F9AAFAF428E09DFC00266FB9 /* 3-NewsAppMVVM */;
			targetProxy = F9AAFB0C28E09DFD00266FB9 /* PBXContainerItemProxy */;
		};
		F9AAFB1728E09DFD00266FB9 /* PBXTargetDependency */ = {
			isa = PBXTargetDependency;
			target = F9AAFAF428E09DFC00266FB9 /* 3-NewsAppMVVM */;
			targetProxy = F9AAFB1628E09DFD00266FB9 /* PBXContainerItemProxy */;
		};
/* End PBXTargetDependency section */

/* Begin PBXVariantGroup section */
		F9AAFAFE28E09DFC00266FB9 /* Main.storyboard */ = {
			isa = PBXVariantGroup;
			children = (
				F9AAFAFF28E09DFC00266FB9 /* Base */,
			);
			name = Main.storyboard;
			sourceTree = "<group>";
		};
		F9AAFB0328E09DFD00266FB9 /* LaunchScreen.storyboard */ = {
			isa = PBXVariantGroup;
			children = (
				F9AAFB0428E09DFD00266FB9 /* Base */,
			);
			name = LaunchScreen.storyboard;
			sourceTree = "<group>";
		};
/* End PBXVariantGroup section */

/* Begin XCBuildConfiguration section */
		F9AAFB1D28E09DFD00266FB9 /* Debug */ = {
			isa = XCBuildConfiguration;
			buildSettings = {
				ALWAYS_SEARCH_USER_PATHS = NO;
				CLANG_ANALYZER_NONNULL = YES;
				CLANG_ANALYZER_NUMBER_OBJECT_CONVERSION = YES_AGGRESSIVE;
				CLANG_CXX_LANGUAGE_STANDARD = "gnu++20";
				CLANG_ENABLE_MODULES = YES;
				CLANG_ENABLE_OBJC_ARC = YES;
				CLANG_ENABLE_OBJC_WEAK = YES;
				CLANG_WARN_BLOCK_CAPTURE_AUTORELEASING = YES;
				CLANG_WARN_BOOL_CONVERSION = YES;
				CLANG_WARN_COMMA = YES;
				CLANG_WARN_CONSTANT_CONVERSION = YES;
				CLANG_WARN_DEPRECATED_OBJC_IMPLEMENTATIONS = YES;
				CLANG_WARN_DIRECT_OBJC_ISA_USAGE = YES_ERROR;
				CLANG_WARN_DOCUMENTATION_COMMENTS = YES;
				CLANG_WARN_EMPTY_BODY = YES;
				CLANG_WARN_ENUM_CONVERSION = YES;
				CLANG_WARN_INFINITE_RECURSION = YES;
				CLANG_WARN_INT_CONVERSION = YES;
				CLANG_WARN_NON_LITERAL_NULL_CONVERSION = YES;
				CLANG_WARN_OBJC_IMPLICIT_RETAIN_SELF = YES;
				CLANG_WARN_OBJC_LITERAL_CONVERSION = YES;
				CLANG_WARN_OBJC_ROOT_CLASS = YES_ERROR;
				CLANG_WARN_QUOTED_INCLUDE_IN_FRAMEWORK_HEADER = YES;
				CLANG_WARN_RANGE_LOOP_ANALYSIS = YES;
				CLANG_WARN_STRICT_PROTOTYPES = YES;
				CLANG_WARN_SUSPICIOUS_MOVE = YES;
				CLANG_WARN_UNGUARDED_AVAILABILITY = YES_AGGRESSIVE;
				CLANG_WARN_UNREACHABLE_CODE = YES;
				CLANG_WARN__DUPLICATE_METHOD_MATCH = YES;
				COPY_PHASE_STRIP = NO;
				DEBUG_INFORMATION_FORMAT = dwarf;
				ENABLE_STRICT_OBJC_MSGSEND = YES;
				ENABLE_TESTABILITY = YES;
				GCC_C_LANGUAGE_STANDARD = gnu11;
				GCC_DYNAMIC_NO_PIC = NO;
				GCC_NO_COMMON_BLOCKS = YES;
				GCC_OPTIMIZATION_LEVEL = 0;
				GCC_PREPROCESSOR_DEFINITIONS = (
					"DEBUG=1",
					"$(inherited)",
				);
				GCC_WARN_64_TO_32_BIT_CONVERSION = YES;
				GCC_WARN_ABOUT_RETURN_TYPE = YES_ERROR;
				GCC_WARN_UNDECLARED_SELECTOR = YES;
				GCC_WARN_UNINITIALIZED_AUTOS = YES_AGGRESSIVE;
				GCC_WARN_UNUSED_FUNCTION = YES;
				GCC_WARN_UNUSED_VARIABLE = YES;
				IPHONEOS_DEPLOYMENT_TARGET = 16.0;
				MTL_ENABLE_DEBUG_INFO = INCLUDE_SOURCE;
				MTL_FAST_MATH = YES;
				ONLY_ACTIVE_ARCH = YES;
				SDKROOT = iphoneos;
				SWIFT_ACTIVE_COMPILATION_CONDITIONS = DEBUG;
				SWIFT_OPTIMIZATION_LEVEL = "-Onone";
			};
			name = Debug;
		};
		F9AAFB1E28E09DFD00266FB9 /* Release */ = {
			isa = XCBuildConfiguration;
			buildSettings = {
				ALWAYS_SEARCH_USER_PATHS = NO;
				CLANG_ANALYZER_NONNULL = YES;
				CLANG_ANALYZER_NUMBER_OBJECT_CONVERSION = YES_AGGRESSIVE;
				CLANG_CXX_LANGUAGE_STANDARD = "gnu++20";
				CLANG_ENABLE_MODULES = YES;
				CLANG_ENABLE_OBJC_ARC = YES;
				CLANG_ENABLE_OBJC_WEAK = YES;
				CLANG_WARN_BLOCK_CAPTURE_AUTORELEASING = YES;
				CLANG_WARN_BOOL_CONVERSION = YES;
				CLANG_WARN_COMMA = YES;
				CLANG_WARN_CONSTANT_CONVERSION = YES;
				CLANG_WARN_DEPRECATED_OBJC_IMPLEMENTATIONS = YES;
				CLANG_WARN_DIRECT_OBJC_ISA_USAGE = YES_ERROR;
				CLANG_WARN_DOCUMENTATION_COMMENTS = YES;
				CLANG_WARN_EMPTY_BODY = YES;
				CLANG_WARN_ENUM_CONVERSION = YES;
				CLANG_WARN_INFINITE_RECURSION = YES;
				CLANG_WARN_INT_CONVERSION = YES;
				CLANG_WARN_NON_LITERAL_NULL_CONVERSION = YES;
				CLANG_WARN_OBJC_IMPLICIT_RETAIN_SELF = YES;
				CLANG_WARN_OBJC_LITERAL_CONVERSION = YES;
				CLANG_WARN_OBJC_ROOT_CLASS = YES_ERROR;
				CLANG_WARN_QUOTED_INCLUDE_IN_FRAMEWORK_HEADER = YES;
				CLANG_WARN_RANGE_LOOP_ANALYSIS = YES;
				CLANG_WARN_STRICT_PROTOTYPES = YES;
				CLANG_WARN_SUSPICIOUS_MOVE = YES;
				CLANG_WARN_UNGUARDED_AVAILABILITY = YES_AGGRESSIVE;
				CLANG_WARN_UNREACHABLE_CODE = YES;
				CLANG_WARN__DUPLICATE_METHOD_MATCH = YES;
				COPY_PHASE_STRIP = NO;
				DEBUG_INFORMATION_FORMAT = "dwarf-with-dsym";
				ENABLE_NS_ASSERTIONS = NO;
				ENABLE_STRICT_OBJC_MSGSEND = YES;
				GCC_C_LANGUAGE_STANDARD = gnu11;
				GCC_NO_COMMON_BLOCKS = YES;
				GCC_WARN_64_TO_32_BIT_CONVERSION = YES;
				GCC_WARN_ABOUT_RETURN_TYPE = YES_ERROR;
				GCC_WARN_UNDECLARED_SELECTOR = YES;
				GCC_WARN_UNINITIALIZED_AUTOS = YES_AGGRESSIVE;
				GCC_WARN_UNUSED_FUNCTION = YES;
				GCC_WARN_UNUSED_VARIABLE = YES;
				IPHONEOS_DEPLOYMENT_TARGET = 16.0;
				MTL_ENABLE_DEBUG_INFO = NO;
				MTL_FAST_MATH = YES;
				SDKROOT = iphoneos;
				SWIFT_COMPILATION_MODE = wholemodule;
				SWIFT_OPTIMIZATION_LEVEL = "-O";
				VALIDATE_PRODUCT = YES;
			};
			name = Release;
		};
		F9AAFB2028E09DFD00266FB9 /* Debug */ = {
			isa = XCBuildConfiguration;
			baseConfigurationReference = F64D173FA677EC2A34E841B5 /* Pods-3-NewsAppMVVM.debug.xcconfig */;
			buildSettings = {
				ASSETCATALOG_COMPILER_APPICON_NAME = AppIcon;
				ASSETCATALOG_COMPILER_GLOBAL_ACCENT_COLOR_NAME = AccentColor;
				CODE_SIGN_STYLE = Automatic;
				CURRENT_PROJECT_VERSION = 1;
				DEVELOPMENT_TEAM = 6RYV8J9924;
				GENERATE_INFOPLIST_FILE = YES;
				INFOPLIST_FILE = "3-NewsAppMVVM/Info.plist";
				INFOPLIST_KEY_UIApplicationSupportsIndirectInputEvents = YES;
				INFOPLIST_KEY_UILaunchStoryboardName = LaunchScreen;
				INFOPLIST_KEY_UIMainStoryboardFile = Main;
				INFOPLIST_KEY_UIStatusBarStyle = UIStatusBarStyleLightContent;
				INFOPLIST_KEY_UISupportedInterfaceOrientations_iPad = "UIInterfaceOrientationPortrait UIInterfaceOrientationPortraitUpsideDown UIInterfaceOrientationLandscapeLeft UIInterfaceOrientationLandscapeRight";
				INFOPLIST_KEY_UISupportedInterfaceOrientations_iPhone = "UIInterfaceOrientationPortrait UIInterfaceOrientationLandscapeLeft UIInterfaceOrientationLandscapeRight";
				LD_RUNPATH_SEARCH_PATHS = (
					"$(inherited)",
					"@executable_path/Frameworks",
				);
				MARKETING_VERSION = 1.0;
				PRODUCT_BUNDLE_IDENTIFIER = "com.fattah2402.--NewsAppMVVM";
				PRODUCT_NAME = "$(TARGET_NAME)";
				SWIFT_EMIT_LOC_STRINGS = YES;
				SWIFT_VERSION = 5.0;
				TARGETED_DEVICE_FAMILY = "1,2";
			};
			name = Debug;
		};
		F9AAFB2128E09DFD00266FB9 /* Release */ = {
			isa = XCBuildConfiguration;
			baseConfigurationReference = 105A5BB9528D8540CA46F82C /* Pods-3-NewsAppMVVM.release.xcconfig */;
			buildSettings = {
				ASSETCATALOG_COMPILER_APPICON_NAME = AppIcon;
				ASSETCATALOG_COMPILER_GLOBAL_ACCENT_COLOR_NAME = AccentColor;
				CODE_SIGN_STYLE = Automatic;
				CURRENT_PROJECT_VERSION = 1;
				DEVELOPMENT_TEAM = 6RYV8J9924;
				GENERATE_INFOPLIST_FILE = YES;
				INFOPLIST_FILE = "3-NewsAppMVVM/Info.plist";
				INFOPLIST_KEY_UIApplicationSupportsIndirectInputEvents = YES;
				INFOPLIST_KEY_UILaunchStoryboardName = LaunchScreen;
				INFOPLIST_KEY_UIMainStoryboardFile = Main;
				INFOPLIST_KEY_UIStatusBarStyle = UIStatusBarStyleLightContent;
				INFOPLIST_KEY_UISupportedInterfaceOrientations_iPad = "UIInterfaceOrientationPortrait UIInterfaceOrientationPortraitUpsideDown UIInterfaceOrientationLandscapeLeft UIInterfaceOrientationLandscapeRight";
				INFOPLIST_KEY_UISupportedInterfaceOrientations_iPhone = "UIInterfaceOrientationPortrait UIInterfaceOrientationLandscapeLeft UIInterfaceOrientationLandscapeRight";
				LD_RUNPATH_SEARCH_PATHS = (
					"$(inherited)",
					"@executable_path/Frameworks",
				);
				MARKETING_VERSION = 1.0;
				PRODUCT_BUNDLE_IDENTIFIER = "com.fattah2402.--NewsAppMVVM";
				PRODUCT_NAME = "$(TARGET_NAME)";
				SWIFT_EMIT_LOC_STRINGS = YES;
				SWIFT_VERSION = 5.0;
				TARGETED_DEVICE_FAMILY = "1,2";
			};
			name = Release;
		};
		F9AAFB2328E09DFD00266FB9 /* Debug */ = {
			isa = XCBuildConfiguration;
			baseConfigurationReference = 020F16F5BEA362BFF107D17E /* Pods-3-NewsAppMVVMTests.debug.xcconfig */;
			buildSettings = {
				ALWAYS_EMBED_SWIFT_STANDARD_LIBRARIES = YES;
				BUNDLE_LOADER = "$(TEST_HOST)";
				CODE_SIGN_STYLE = Automatic;
				CURRENT_PROJECT_VERSION = 1;
				DEVELOPMENT_TEAM = 6RYV8J9924;
				GENERATE_INFOPLIST_FILE = YES;
				IPHONEOS_DEPLOYMENT_TARGET = 16.0;
				MARKETING_VERSION = 1.0;
				PRODUCT_BUNDLE_IDENTIFIER = "com.fattah2402.--NewsAppMVVMTests";
				PRODUCT_NAME = "$(TARGET_NAME)";
				SWIFT_EMIT_LOC_STRINGS = NO;
				SWIFT_VERSION = 5.0;
				TARGETED_DEVICE_FAMILY = "1,2";
				TEST_HOST = "$(BUILT_PRODUCTS_DIR)/3-NewsAppMVVM.app/$(BUNDLE_EXECUTABLE_FOLDER_PATH)/3-NewsAppMVVM";
			};
			name = Debug;
		};
		F9AAFB2428E09DFD00266FB9 /* Release */ = {
			isa = XCBuildConfiguration;
			baseConfigurationReference = BFC7699BFDF2783BCE96A068 /* Pods-3-NewsAppMVVMTests.release.xcconfig */;
			buildSettings = {
				ALWAYS_EMBED_SWIFT_STANDARD_LIBRARIES = YES;
				BUNDLE_LOADER = "$(TEST_HOST)";
				CODE_SIGN_STYLE = Automatic;
				CURRENT_PROJECT_VERSION = 1;
				DEVELOPMENT_TEAM = 6RYV8J9924;
				GENERATE_INFOPLIST_FILE = YES;
				IPHONEOS_DEPLOYMENT_TARGET = 16.0;
				MARKETING_VERSION = 1.0;
				PRODUCT_BUNDLE_IDENTIFIER = "com.fattah2402.--NewsAppMVVMTests";
				PRODUCT_NAME = "$(TARGET_NAME)";
				SWIFT_EMIT_LOC_STRINGS = NO;
				SWIFT_VERSION = 5.0;
				TARGETED_DEVICE_FAMILY = "1,2";
				TEST_HOST = "$(BUILT_PRODUCTS_DIR)/3-NewsAppMVVM.app/$(BUNDLE_EXECUTABLE_FOLDER_PATH)/3-NewsAppMVVM";
			};
			name = Release;
		};
		F9AAFB2628E09DFD00266FB9 /* Debug */ = {
			isa = XCBuildConfiguration;
			baseConfigurationReference = 757A65E706E137FC6AFA594C /* Pods-3-NewsAppMVVM-3-NewsAppMVVMUITests.debug.xcconfig */;
			buildSettings = {
				ALWAYS_EMBED_SWIFT_STANDARD_LIBRARIES = YES;
				CODE_SIGN_STYLE = Automatic;
				CURRENT_PROJECT_VERSION = 1;
				DEVELOPMENT_TEAM = 6RYV8J9924;
				GENERATE_INFOPLIST_FILE = YES;
				MARKETING_VERSION = 1.0;
				PRODUCT_BUNDLE_IDENTIFIER = "com.fattah2402.--NewsAppMVVMUITests";
				PRODUCT_NAME = "$(TARGET_NAME)";
				SWIFT_EMIT_LOC_STRINGS = NO;
				SWIFT_VERSION = 5.0;
				TARGETED_DEVICE_FAMILY = "1,2";
				TEST_TARGET_NAME = "3-NewsAppMVVM";
			};
			name = Debug;
		};
		F9AAFB2728E09DFD00266FB9 /* Release */ = {
			isa = XCBuildConfiguration;
			baseConfigurationReference = 82110C8C0563B73E5A9A2141 /* Pods-3-NewsAppMVVM-3-NewsAppMVVMUITests.release.xcconfig */;
			buildSettings = {
				ALWAYS_EMBED_SWIFT_STANDARD_LIBRARIES = YES;
				CODE_SIGN_STYLE = Automatic;
				CURRENT_PROJECT_VERSION = 1;
				DEVELOPMENT_TEAM = 6RYV8J9924;
				GENERATE_INFOPLIST_FILE = YES;
				MARKETING_VERSION = 1.0;
				PRODUCT_BUNDLE_IDENTIFIER = "com.fattah2402.--NewsAppMVVMUITests";
				PRODUCT_NAME = "$(TARGET_NAME)";
				SWIFT_EMIT_LOC_STRINGS = NO;
				SWIFT_VERSION = 5.0;
				TARGETED_DEVICE_FAMILY = "1,2";
				TEST_TARGET_NAME = "3-NewsAppMVVM";
			};
			name = Release;
		};
/* End XCBuildConfiguration section */

/* Begin XCConfigurationList section */
		F9AAFAF028E09DFC00266FB9 /* Build configuration list for PBXProject "3-NewsAppMVVM" */ = {
			isa = XCConfigurationList;
			buildConfigurations = (
				F9AAFB1D28E09DFD00266FB9 /* Debug */,
				F9AAFB1E28E09DFD00266FB9 /* Release */,
			);
			defaultConfigurationIsVisible = 0;
			defaultConfigurationName = Release;
		};
		F9AAFB1F28E09DFD00266FB9 /* Build configuration list for PBXNativeTarget "3-NewsAppMVVM" */ = {
			isa = XCConfigurationList;
			buildConfigurations = (
				F9AAFB2028E09DFD00266FB9 /* Debug */,
				F9AAFB2128E09DFD00266FB9 /* Release */,
			);
			defaultConfigurationIsVisible = 0;
			defaultConfigurationName = Release;
		};
		F9AAFB2228E09DFD00266FB9 /* Build configuration list for PBXNativeTarget "3-NewsAppMVVMTests" */ = {
			isa = XCConfigurationList;
			buildConfigurations = (
				F9AAFB2328E09DFD00266FB9 /* Debug */,
				F9AAFB2428E09DFD00266FB9 /* Release */,
			);
			defaultConfigurationIsVisible = 0;
			defaultConfigurationName = Release;
		};
		F9AAFB2528E09DFD00266FB9 /* Build configuration list for PBXNativeTarget "3-NewsAppMVVMUITests" */ = {
			isa = XCConfigurationList;
			buildConfigurations = (
				F9AAFB2628E09DFD00266FB9 /* Debug */,
				F9AAFB2728E09DFD00266FB9 /* Release */,
			);
			defaultConfigurationIsVisible = 0;
			defaultConfigurationName = Release;
		};
/* End XCConfigurationList section */
	};
	rootObject = F9AAFAED28E09DFC00266FB9 /* Project object */;
}
