// !$*UTF8*$!
{
	archiveVersion = 1;
	classes = {
	};
	objectVersion = 55;
	objects = {

/* Begin PBXBuildFile section */
		3E1E5C52A34B581D1033C0E1 /* Pods_HighWaters.framework in Frameworks */ = {isa = PBXBuildFile; fileRef = C77ED2E06FEB5AAA8259004E /* Pods_HighWaters.framework */; };
		8F29EB2F6269ACBAC1838830 /* Pods_HighWatersTests.framework in Frameworks */ = {isa = PBXBuildFile; fileRef = 26257912A321E7AB4DC3330A /* Pods_HighWatersTests.framework */; };
		AABEA6134559BF6A47D9FDD5 /* Pods_HighWaters_HighWatersUITests.framework in Frameworks */ = {isa = PBXBuildFile; fileRef = 425223BBC2F6811F0342E204 /* Pods_HighWaters_HighWatersUITests.framework */; };
		F918EDB428BB77480069C006 /* AppDelegate.swift in Sources */ = {isa = PBXBuildFile; fileRef = F918EDB328BB77480069C006 /* AppDelegate.swift */; };
		F918EDB628BB77480069C006 /* SceneDelegate.swift in Sources */ = {isa = PBXBuildFile; fileRef = F918EDB528BB77480069C006 /* SceneDelegate.swift */; };
		F918EDB828BB77480069C006 /* ViewController.swift in Sources */ = {isa = PBXBuildFile; fileRef = F918EDB728BB77480069C006 /* ViewController.swift */; };
		F918EDBB28BB77480069C006 /* Main.storyboard in Resources */ = {isa = PBXBuildFile; fileRef = F918EDB928BB77480069C006 /* Main.storyboard */; };
		F918EDBD28BB77490069C006 /* Assets.xcassets in Resources */ = {isa = PBXBuildFile; fileRef = F918EDBC28BB77490069C006 /* Assets.xcassets */; };
		F918EDC028BB77490069C006 /* LaunchScreen.storyboard in Resources */ = {isa = PBXBuildFile; fileRef = F918EDBE28BB77490069C006 /* LaunchScreen.storyboard */; };
		F918EDCB28BB774A0069C006 /* HighWatersTests.swift in Sources */ = {isa = PBXBuildFile; fileRef = F918EDCA28BB774A0069C006 /* HighWatersTests.swift */; };
		F918EDD528BB774A0069C006 /* HighWatersUITests.swift in Sources */ = {isa = PBXBuildFile; fileRef = F918EDD428BB774A0069C006 /* HighWatersUITests.swift */; };
		F918EDD728BB774A0069C006 /* HighWatersUITestsLaunchTests.swift in Sources */ = {isa = PBXBuildFile; fileRef = F918EDD628BB774A0069C006 /* HighWatersUITestsLaunchTests.swift */; };
		F918EDE428BB972B0069C006 /* plus.png in Resources */ = {isa = PBXBuildFile; fileRef = F918EDE328BB972B0069C006 /* plus.png */; };
		F918EDE628BC4E0D0069C006 /* GoogleService-Info.plist in Resources */ = {isa = PBXBuildFile; fileRef = F918EDE528BC4E0D0069C006 /* GoogleService-Info.plist */; };
		F918EDE828BD2E750069C006 /* Flood.swift in Sources */ = {isa = PBXBuildFile; fileRef = F918EDE728BD2E750069C006 /* Flood.swift */; };
/* End PBXBuildFile section */

/* Begin PBXContainerItemProxy section */
		F918EDC728BB774A0069C006 /* PBXContainerItemProxy */ = {
			isa = PBXContainerItemProxy;
			containerPortal = F918EDA828BB77480069C006 /* Project object */;
			proxyType = 1;
			remoteGlobalIDString = F918EDAF28BB77480069C006;
			remoteInfo = HighWaters;
		};
		F918EDD128BB774A0069C006 /* PBXContainerItemProxy */ = {
			isa = PBXContainerItemProxy;
			containerPortal = F918EDA828BB77480069C006 /* Project object */;
			proxyType = 1;
			remoteGlobalIDString = F918EDAF28BB77480069C006;
			remoteInfo = HighWaters;
		};
/* End PBXContainerItemProxy section */

/* Begin PBXFileReference section */
		26257912A321E7AB4DC3330A /* Pods_HighWatersTests.framework */ = {isa = PBXFileReference; explicitFileType = wrapper.framework; includeInIndex = 0; path = Pods_HighWatersTests.framework; sourceTree = BUILT_PRODUCTS_DIR; };
		425223BBC2F6811F0342E204 /* Pods_HighWaters_HighWatersUITests.framework */ = {isa = PBXFileReference; explicitFileType = wrapper.framework; includeInIndex = 0; path = Pods_HighWaters_HighWatersUITests.framework; sourceTree = BUILT_PRODUCTS_DIR; };
		6B0D3A757226EF04A0E0DD4A /* Pods-HighWatersTests.debug.xcconfig */ = {isa = PBXFileReference; includeInIndex = 1; lastKnownFileType = text.xcconfig; name = "Pods-HighWatersTests.debug.xcconfig"; path = "Target Support Files/Pods-HighWatersTests/Pods-HighWatersTests.debug.xcconfig"; sourceTree = "<group>"; };
		891F8CB1B3B70307BDB39483 /* Pods-HighWatersTests.release.xcconfig */ = {isa = PBXFileReference; includeInIndex = 1; lastKnownFileType = text.xcconfig; name = "Pods-HighWatersTests.release.xcconfig"; path = "Target Support Files/Pods-HighWatersTests/Pods-HighWatersTests.release.xcconfig"; sourceTree = "<group>"; };
		AF0D2C28436982700A94267B /* Pods-HighWaters.debug.xcconfig */ = {isa = PBXFileReference; includeInIndex = 1; lastKnownFileType = text.xcconfig; name = "Pods-HighWaters.debug.xcconfig"; path = "Target Support Files/Pods-HighWaters/Pods-HighWaters.debug.xcconfig"; sourceTree = "<group>"; };
		C4A6F899C9FEA861C79FF2C6 /* Pods-HighWaters-HighWatersUITests.debug.xcconfig */ = {isa = PBXFileReference; includeInIndex = 1; lastKnownFileType = text.xcconfig; name = "Pods-HighWaters-HighWatersUITests.debug.xcconfig"; path = "Target Support Files/Pods-HighWaters-HighWatersUITests/Pods-HighWaters-HighWatersUITests.debug.xcconfig"; sourceTree = "<group>"; };
		C77ED2E06FEB5AAA8259004E /* Pods_HighWaters.framework */ = {isa = PBXFileReference; explicitFileType = wrapper.framework; includeInIndex = 0; path = Pods_HighWaters.framework; sourceTree = BUILT_PRODUCTS_DIR; };
		D326BB75D47F55B5C869B7F9 /* Pods-HighWaters.release.xcconfig */ = {isa = PBXFileReference; includeInIndex = 1; lastKnownFileType = text.xcconfig; name = "Pods-HighWaters.release.xcconfig"; path = "Target Support Files/Pods-HighWaters/Pods-HighWaters.release.xcconfig"; sourceTree = "<group>"; };
		E2504BCC077725D578E24714 /* Pods-HighWaters-HighWatersUITests.release.xcconfig */ = {isa = PBXFileReference; includeInIndex = 1; lastKnownFileType = text.xcconfig; name = "Pods-HighWaters-HighWatersUITests.release.xcconfig"; path = "Target Support Files/Pods-HighWaters-HighWatersUITests/Pods-HighWaters-HighWatersUITests.release.xcconfig"; sourceTree = "<group>"; };
		F918EDB028BB77480069C006 /* HighWaters.app */ = {isa = PBXFileReference; explicitFileType = wrapper.application; includeInIndex = 0; path = HighWaters.app; sourceTree = BUILT_PRODUCTS_DIR; };
		F918EDB328BB77480069C006 /* AppDelegate.swift */ = {isa = PBXFileReference; lastKnownFileType = sourcecode.swift; path = AppDelegate.swift; sourceTree = "<group>"; };
		F918EDB528BB77480069C006 /* SceneDelegate.swift */ = {isa = PBXFileReference; lastKnownFileType = sourcecode.swift; path = SceneDelegate.swift; sourceTree = "<group>"; };
		F918EDB728BB77480069C006 /* ViewController.swift */ = {isa = PBXFileReference; lastKnownFileType = sourcecode.swift; path = ViewController.swift; sourceTree = "<group>"; };
		F918EDBA28BB77480069C006 /* Base */ = {isa = PBXFileReference; lastKnownFileType = file.storyboard; name = Base; path = Base.lproj/Main.storyboard; sourceTree = "<group>"; };
		F918EDBC28BB77490069C006 /* Assets.xcassets */ = {isa = PBXFileReference; lastKnownFileType = folder.assetcatalog; path = Assets.xcassets; sourceTree = "<group>"; };
		F918EDBF28BB77490069C006 /* Base */ = {isa = PBXFileReference; lastKnownFileType = file.storyboard; name = Base; path = Base.lproj/LaunchScreen.storyboard; sourceTree = "<group>"; };
		F918EDC128BB77490069C006 /* Info.plist */ = {isa = PBXFileReference; lastKnownFileType = text.plist.xml; path = Info.plist; sourceTree = "<group>"; };
		F918EDC628BB774A0069C006 /* HighWatersTests.xctest */ = {isa = PBXFileReference; explicitFileType = wrapper.cfbundle; includeInIndex = 0; path = HighWatersTests.xctest; sourceTree = BUILT_PRODUCTS_DIR; };
		F918EDCA28BB774A0069C006 /* HighWatersTests.swift */ = {isa = PBXFileReference; lastKnownFileType = sourcecode.swift; path = HighWatersTests.swift; sourceTree = "<group>"; };
		F918EDD028BB774A0069C006 /* HighWatersUITests.xctest */ = {isa = PBXFileReference; explicitFileType = wrapper.cfbundle; includeInIndex = 0; path = HighWatersUITests.xctest; sourceTree = BUILT_PRODUCTS_DIR; };
		F918EDD428BB774A0069C006 /* HighWatersUITests.swift */ = {isa = PBXFileReference; lastKnownFileType = sourcecode.swift; path = HighWatersUITests.swift; sourceTree = "<group>"; };
		F918EDD628BB774A0069C006 /* HighWatersUITestsLaunchTests.swift */ = {isa = PBXFileReference; lastKnownFileType = sourcecode.swift; path = HighWatersUITestsLaunchTests.swift; sourceTree = "<group>"; };
		F918EDE328BB972B0069C006 /* plus.png */ = {isa = PBXFileReference; lastKnownFileType = image.png; path = plus.png; sourceTree = "<group>"; };
		F918EDE528BC4E0D0069C006 /* GoogleService-Info.plist */ = {isa = PBXFileReference; fileEncoding = 4; lastKnownFileType = text.plist.xml; path = "GoogleService-Info.plist"; sourceTree = "<group>"; };
		F918EDE728BD2E750069C006 /* Flood.swift */ = {isa = PBXFileReference; lastKnownFileType = sourcecode.swift; path = Flood.swift; sourceTree = "<group>"; };
/* End PBXFileReference section */

/* Begin PBXFrameworksBuildPhase section */
		F918EDAD28BB77480069C006 /* Frameworks */ = {
			isa = PBXFrameworksBuildPhase;
			buildActionMask = 2147483647;
			files = (
				3E1E5C52A34B581D1033C0E1 /* Pods_HighWaters.framework in Frameworks */,
			);
			runOnlyForDeploymentPostprocessing = 0;
		};
		F918EDC328BB774A0069C006 /* Frameworks */ = {
			isa = PBXFrameworksBuildPhase;
			buildActionMask = 2147483647;
			files = (
				8F29EB2F6269ACBAC1838830 /* Pods_HighWatersTests.framework in Frameworks */,
			);
			runOnlyForDeploymentPostprocessing = 0;
		};
		F918EDCD28BB774A0069C006 /* Frameworks */ = {
			isa = PBXFrameworksBuildPhase;
			buildActionMask = 2147483647;
			files = (
				AABEA6134559BF6A47D9FDD5 /* Pods_HighWaters_HighWatersUITests.framework in Frameworks */,
			);
			runOnlyForDeploymentPostprocessing = 0;
		};
/* End PBXFrameworksBuildPhase section */

/* Begin PBXGroup section */
		47C27B927BC8B3639F6B85D0 /* Frameworks */ = {
			isa = PBXGroup;
			children = (
				C77ED2E06FEB5AAA8259004E /* Pods_HighWaters.framework */,
				425223BBC2F6811F0342E204 /* Pods_HighWaters_HighWatersUITests.framework */,
				26257912A321E7AB4DC3330A /* Pods_HighWatersTests.framework */,
			);
			name = Frameworks;
			sourceTree = "<group>";
		};
		B9F074B0988C6CFBE0E73A60 /* Pods */ = {
			isa = PBXGroup;
			children = (
				AF0D2C28436982700A94267B /* Pods-HighWaters.debug.xcconfig */,
				D326BB75D47F55B5C869B7F9 /* Pods-HighWaters.release.xcconfig */,
				C4A6F899C9FEA861C79FF2C6 /* Pods-HighWaters-HighWatersUITests.debug.xcconfig */,
				E2504BCC077725D578E24714 /* Pods-HighWaters-HighWatersUITests.release.xcconfig */,
				6B0D3A757226EF04A0E0DD4A /* Pods-HighWatersTests.debug.xcconfig */,
				891F8CB1B3B70307BDB39483 /* Pods-HighWatersTests.release.xcconfig */,
			);
			path = Pods;
			sourceTree = "<group>";
		};
		F918EDA728BB77480069C006 = {
			isa = PBXGroup;
			children = (
				F918EDB228BB77480069C006 /* HighWaters */,
				F918EDC928BB774A0069C006 /* HighWatersTests */,
				F918EDD328BB774A0069C006 /* HighWatersUITests */,
				F918EDB128BB77480069C006 /* Products */,
				B9F074B0988C6CFBE0E73A60 /* Pods */,
				47C27B927BC8B3639F6B85D0 /* Frameworks */,
			);
			sourceTree = "<group>";
		};
		F918EDB128BB77480069C006 /* Products */ = {
			isa = PBXGroup;
			children = (
				F918EDB028BB77480069C006 /* HighWaters.app */,
				F918EDC628BB774A0069C006 /* HighWatersTests.xctest */,
				F918EDD028BB774A0069C006 /* HighWatersUITests.xctest */,
			);
			name = Products;
			sourceTree = "<group>";
		};
		F918EDB228BB77480069C006 /* HighWaters */ = {
			isa = PBXGroup;
			children = (
				F918EDB328BB77480069C006 /* AppDelegate.swift */,
				F918EDB528BB77480069C006 /* SceneDelegate.swift */,
				F918EDB728BB77480069C006 /* ViewController.swift */,
				F918EDE728BD2E750069C006 /* Flood.swift */,
				F918EDB928BB77480069C006 /* Main.storyboard */,
				F918EDBC28BB77490069C006 /* Assets.xcassets */,
				F918EDBE28BB77490069C006 /* LaunchScreen.storyboard */,
				F918EDC128BB77490069C006 /* Info.plist */,
				F918EDE528BC4E0D0069C006 /* GoogleService-Info.plist */,
				F918EDE328BB972B0069C006 /* plus.png */,
			);
			path = HighWaters;
			sourceTree = "<group>";
		};
		F918EDC928BB774A0069C006 /* HighWatersTests */ = {
			isa = PBXGroup;
			children = (
				F918EDCA28BB774A0069C006 /* HighWatersTests.swift */,
			);
			path = HighWatersTests;
			sourceTree = "<group>";
		};
		F918EDD328BB774A0069C006 /* HighWatersUITests */ = {
			isa = PBXGroup;
			children = (
				F918EDD428BB774A0069C006 /* HighWatersUITests.swift */,
				F918EDD628BB774A0069C006 /* HighWatersUITestsLaunchTests.swift */,
			);
			path = HighWatersUITests;
			sourceTree = "<group>";
		};
/* End PBXGroup section */

/* Begin PBXNativeTarget section */
		F918EDAF28BB77480069C006 /* HighWaters */ = {
			isa = PBXNativeTarget;
			buildConfigurationList = F918EDDA28BB774A0069C006 /* Build configuration list for PBXNativeTarget "HighWaters" */;
			buildPhases = (
				E9EA917DDF404783EC190892 /* [CP] Check Pods Manifest.lock */,
				F918EDAC28BB77480069C006 /* Sources */,
				F918EDAD28BB77480069C006 /* Frameworks */,
				F918EDAE28BB77480069C006 /* Resources */,
				3C8C804ADB4A3017C1C512C0 /* [CP] Embed Pods Frameworks */,
			);
			buildRules = (
			);
			dependencies = (
			);
			name = HighWaters;
			productName = HighWaters;
			productReference = F918EDB028BB77480069C006 /* HighWaters.app */;
			productType = "com.apple.product-type.application";
		};
		F918EDC528BB774A0069C006 /* HighWatersTests */ = {
			isa = PBXNativeTarget;
			buildConfigurationList = F918EDDD28BB774A0069C006 /* Build configuration list for PBXNativeTarget "HighWatersTests" */;
			buildPhases = (
				1B9500FF88DDB99C2ACD38EE /* [CP] Check Pods Manifest.lock */,
				F918EDC228BB774A0069C006 /* Sources */,
				F918EDC328BB774A0069C006 /* Frameworks */,
				F918EDC428BB774A0069C006 /* Resources */,
			);
			buildRules = (
			);
			dependencies = (
				F918EDC828BB774A0069C006 /* PBXTargetDependency */,
			);
			name = HighWatersTests;
			productName = HighWatersTests;
			productReference = F918EDC628BB774A0069C006 /* HighWatersTests.xctest */;
			productType = "com.apple.product-type.bundle.unit-test";
		};
		F918EDCF28BB774A0069C006 /* HighWatersUITests */ = {
			isa = PBXNativeTarget;
			buildConfigurationList = F918EDE028BB774A0069C006 /* Build configuration list for PBXNativeTarget "HighWatersUITests" */;
			buildPhases = (
				523C950F9752B8AE671EA291 /* [CP] Check Pods Manifest.lock */,
				F918EDCC28BB774A0069C006 /* Sources */,
				F918EDCD28BB774A0069C006 /* Frameworks */,
				F918EDCE28BB774A0069C006 /* Resources */,
				57970F0D96A91AF989E875A5 /* [CP] Embed Pods Frameworks */,
			);
			buildRules = (
			);
			dependencies = (
				F918EDD228BB774A0069C006 /* PBXTargetDependency */,
			);
			name = HighWatersUITests;
			productName = HighWatersUITests;
			productReference = F918EDD028BB774A0069C006 /* HighWatersUITests.xctest */;
			productType = "com.apple.product-type.bundle.ui-testing";
		};
/* End PBXNativeTarget section */

/* Begin PBXProject section */
		F918EDA828BB77480069C006 /* Project object */ = {
			isa = PBXProject;
			attributes = {
				BuildIndependentTargetsInParallel = 1;
				LastSwiftUpdateCheck = 1340;
				LastUpgradeCheck = 1340;
				TargetAttributes = {
					F918EDAF28BB77480069C006 = {
						CreatedOnToolsVersion = 13.4.1;
					};
					F918EDC528BB774A0069C006 = {
						CreatedOnToolsVersion = 13.4.1;
						TestTargetID = F918EDAF28BB77480069C006;
					};
					F918EDCF28BB774A0069C006 = {
						CreatedOnToolsVersion = 13.4.1;
						TestTargetID = F918EDAF28BB77480069C006;
					};
				};
			};
			buildConfigurationList = F918EDAB28BB77480069C006 /* Build configuration list for PBXProject "HighWaters" */;
			compatibilityVersion = "Xcode 13.0";
			developmentRegion = en;
			hasScannedForEncodings = 0;
			knownRegions = (
				en,
				Base,
			);
			mainGroup = F918EDA728BB77480069C006;
			productRefGroup = F918EDB128BB77480069C006 /* Products */;
			projectDirPath = "";
			projectRoot = "";
			targets = (
				F918EDAF28BB77480069C006 /* HighWaters */,
				F918EDC528BB774A0069C006 /* HighWatersTests */,
				F918EDCF28BB774A0069C006 /* HighWatersUITests */,
			);
		};
/* End PBXProject section */

/* Begin PBXResourcesBuildPhase section */
		F918EDAE28BB77480069C006 /* Resources */ = {
			isa = PBXResourcesBuildPhase;
			buildActionMask = 2147483647;
			files = (
				F918EDC028BB77490069C006 /* LaunchScreen.storyboard in Resources */,
				F918EDBD28BB77490069C006 /* Assets.xcassets in Resources */,
				F918EDE628BC4E0D0069C006 /* GoogleService-Info.plist in Resources */,
				F918EDBB28BB77480069C006 /* Main.storyboard in Resources */,
				F918EDE428BB972B0069C006 /* plus.png in Resources */,
			);
			runOnlyForDeploymentPostprocessing = 0;
		};
		F918EDC428BB774A0069C006 /* Resources */ = {
			isa = PBXResourcesBuildPhase;
			buildActionMask = 2147483647;
			files = (
			);
			runOnlyForDeploymentPostprocessing = 0;
		};
		F918EDCE28BB774A0069C006 /* Resources */ = {
			isa = PBXResourcesBuildPhase;
			buildActionMask = 2147483647;
			files = (
			);
			runOnlyForDeploymentPostprocessing = 0;
		};
/* End PBXResourcesBuildPhase section */

/* Begin PBXShellScriptBuildPhase section */
		1B9500FF88DDB99C2ACD38EE /* [CP] Check Pods Manifest.lock */ = {
			isa = PBXShellScriptBuildPhase;
			buildActionMask = 2147483647;
			files = (
			);
			inputFileListPaths = (
			);
			inputPaths = (
				"${PODS_PODFILE_DIR_PATH}/Podfile.lock",
				"${PODS_ROOT}/Manifest.lock",
			);
			name = "[CP] Check Pods Manifest.lock";
			outputFileListPaths = (
			);
			outputPaths = (
				"$(DERIVED_FILE_DIR)/Pods-HighWatersTests-checkManifestLockResult.txt",
			);
			runOnlyForDeploymentPostprocessing = 0;
			shellPath = /bin/sh;
			shellScript = "diff \"${PODS_PODFILE_DIR_PATH}/Podfile.lock\" \"${PODS_ROOT}/Manifest.lock\" > /dev/null\nif [ $? != 0 ] ; then\n    # print error to STDERR\n    echo \"error: The sandbox is not in sync with the Podfile.lock. Run 'pod install' or update your CocoaPods installation.\" >&2\n    exit 1\nfi\n# This output is used by Xcode 'outputs' to avoid re-running this script phase.\necho \"SUCCESS\" > \"${SCRIPT_OUTPUT_FILE_0}\"\n";
			showEnvVarsInLog = 0;
		};
		3C8C804ADB4A3017C1C512C0 /* [CP] Embed Pods Frameworks */ = {
			isa = PBXShellScriptBuildPhase;
			buildActionMask = 2147483647;
			files = (
			);
			inputFileListPaths = (
				"${PODS_ROOT}/Target Support Files/Pods-HighWaters/Pods-HighWaters-frameworks-${CONFIGURATION}-input-files.xcfilelist",
			);
			name = "[CP] Embed Pods Frameworks";
			outputFileListPaths = (
				"${PODS_ROOT}/Target Support Files/Pods-HighWaters/Pods-HighWaters-frameworks-${CONFIGURATION}-output-files.xcfilelist",
			);
			runOnlyForDeploymentPostprocessing = 0;
			shellPath = /bin/sh;
			shellScript = "\"${PODS_ROOT}/Target Support Files/Pods-HighWaters/Pods-HighWaters-frameworks.sh\"\n";
			showEnvVarsInLog = 0;
		};
		523C950F9752B8AE671EA291 /* [CP] Check Pods Manifest.lock */ = {
			isa = PBXShellScriptBuildPhase;
			buildActionMask = 2147483647;
			files = (
			);
			inputFileListPaths = (
			);
			inputPaths = (
				"${PODS_PODFILE_DIR_PATH}/Podfile.lock",
				"${PODS_ROOT}/Manifest.lock",
			);
			name = "[CP] Check Pods Manifest.lock";
			outputFileListPaths = (
			);
			outputPaths = (
				"$(DERIVED_FILE_DIR)/Pods-HighWaters-HighWatersUITests-checkManifestLockResult.txt",
			);
			runOnlyForDeploymentPostprocessing = 0;
			shellPath = /bin/sh;
			shellScript = "diff \"${PODS_PODFILE_DIR_PATH}/Podfile.lock\" \"${PODS_ROOT}/Manifest.lock\" > /dev/null\nif [ $? != 0 ] ; then\n    # print error to STDERR\n    echo \"error: The sandbox is not in sync with the Podfile.lock. Run 'pod install' or update your CocoaPods installation.\" >&2\n    exit 1\nfi\n# This output is used by Xcode 'outputs' to avoid re-running this script phase.\necho \"SUCCESS\" > \"${SCRIPT_OUTPUT_FILE_0}\"\n";
			showEnvVarsInLog = 0;
		};
		57970F0D96A91AF989E875A5 /* [CP] Embed Pods Frameworks */ = {
			isa = PBXShellScriptBuildPhase;
			buildActionMask = 2147483647;
			files = (
			);
			inputFileListPaths = (
				"${PODS_ROOT}/Target Support Files/Pods-HighWaters-HighWatersUITests/Pods-HighWaters-HighWatersUITests-frameworks-${CONFIGURATION}-input-files.xcfilelist",
			);
			name = "[CP] Embed Pods Frameworks";
			outputFileListPaths = (
				"${PODS_ROOT}/Target Support Files/Pods-HighWaters-HighWatersUITests/Pods-HighWaters-HighWatersUITests-frameworks-${CONFIGURATION}-output-files.xcfilelist",
			);
			runOnlyForDeploymentPostprocessing = 0;
			shellPath = /bin/sh;
			shellScript = "\"${PODS_ROOT}/Target Support Files/Pods-HighWaters-HighWatersUITests/Pods-HighWaters-HighWatersUITests-frameworks.sh\"\n";
			showEnvVarsInLog = 0;
		};
		E9EA917DDF404783EC190892 /* [CP] Check Pods Manifest.lock */ = {
			isa = PBXShellScriptBuildPhase;
			buildActionMask = 2147483647;
			files = (
			);
			inputFileListPaths = (
			);
			inputPaths = (
				"${PODS_PODFILE_DIR_PATH}/Podfile.lock",
				"${PODS_ROOT}/Manifest.lock",
			);
			name = "[CP] Check Pods Manifest.lock";
			outputFileListPaths = (
			);
			outputPaths = (
				"$(DERIVED_FILE_DIR)/Pods-HighWaters-checkManifestLockResult.txt",
			);
			runOnlyForDeploymentPostprocessing = 0;
			shellPath = /bin/sh;
			shellScript = "diff \"${PODS_PODFILE_DIR_PATH}/Podfile.lock\" \"${PODS_ROOT}/Manifest.lock\" > /dev/null\nif [ $? != 0 ] ; then\n    # print error to STDERR\n    echo \"error: The sandbox is not in sync with the Podfile.lock. Run 'pod install' or update your CocoaPods installation.\" >&2\n    exit 1\nfi\n# This output is used by Xcode 'outputs' to avoid re-running this script phase.\necho \"SUCCESS\" > \"${SCRIPT_OUTPUT_FILE_0}\"\n";
			showEnvVarsInLog = 0;
		};
/* End PBXShellScriptBuildPhase section */

/* Begin PBXSourcesBuildPhase section */
		F918EDAC28BB77480069C006 /* Sources */ = {
			isa = PBXSourcesBuildPhase;
			buildActionMask = 2147483647;
			files = (
				F918EDB828BB77480069C006 /* ViewController.swift in Sources */,
				F918EDB428BB77480069C006 /* AppDelegate.swift in Sources */,
				F918EDE828BD2E750069C006 /* Flood.swift in Sources */,
				F918EDB628BB77480069C006 /* SceneDelegate.swift in Sources */,
			);
			runOnlyForDeploymentPostprocessing = 0;
		};
		F918EDC228BB774A0069C006 /* Sources */ = {
			isa = PBXSourcesBuildPhase;
			buildActionMask = 2147483647;
			files = (
				F918EDCB28BB774A0069C006 /* HighWatersTests.swift in Sources */,
			);
			runOnlyForDeploymentPostprocessing = 0;
		};
		F918EDCC28BB774A0069C006 /* Sources */ = {
			isa = PBXSourcesBuildPhase;
			buildActionMask = 2147483647;
			files = (
				F918EDD728BB774A0069C006 /* HighWatersUITestsLaunchTests.swift in Sources */,
				F918EDD528BB774A0069C006 /* HighWatersUITests.swift in Sources */,
			);
			runOnlyForDeploymentPostprocessing = 0;
		};
/* End PBXSourcesBuildPhase section */

/* Begin PBXTargetDependency section */
		F918EDC828BB774A0069C006 /* PBXTargetDependency */ = {
			isa = PBXTargetDependency;
			target = F918EDAF28BB77480069C006 /* HighWaters */;
			targetProxy = F918EDC728BB774A0069C006 /* PBXContainerItemProxy */;
		};
		F918EDD228BB774A0069C006 /* PBXTargetDependency */ = {
			isa = PBXTargetDependency;
			target = F918EDAF28BB77480069C006 /* HighWaters */;
			targetProxy = F918EDD128BB774A0069C006 /* PBXContainerItemProxy */;
		};
/* End PBXTargetDependency section */

/* Begin PBXVariantGroup section */
		F918EDB928BB77480069C006 /* Main.storyboard */ = {
			isa = PBXVariantGroup;
			children = (
				F918EDBA28BB77480069C006 /* Base */,
			);
			name = Main.storyboard;
			sourceTree = "<group>";
		};
		F918EDBE28BB77490069C006 /* LaunchScreen.storyboard */ = {
			isa = PBXVariantGroup;
			children = (
				F918EDBF28BB77490069C006 /* Base */,
			);
			name = LaunchScreen.storyboard;
			sourceTree = "<group>";
		};
/* End PBXVariantGroup section */

/* Begin XCBuildConfiguration section */
		F918EDD828BB774A0069C006 /* Debug */ = {
			isa = XCBuildConfiguration;
			buildSettings = {
				ALWAYS_SEARCH_USER_PATHS = NO;
				CLANG_ANALYZER_NONNULL = YES;
				CLANG_ANALYZER_NUMBER_OBJECT_CONVERSION = YES_AGGRESSIVE;
				CLANG_CXX_LANGUAGE_STANDARD = "gnu++17";
				CLANG_ENABLE_MODULES = YES;
				CLANG_ENABLE_OBJC_ARC = YES;
				CLANG_ENABLE_OBJC_WEAK = YES;
				CLANG_WARN_BLOCK_CAPTURE_AUTORELEASING = YES;
				CLANG_WARN_BOOL_CONVERSION = YES;
				CLANG_WARN_COMMA = YES;
				CLANG_WARN_CONSTANT_CONVERSION = YES;
				CLANG_WARN_DEPRECATED_OBJC_IMPLEMENTATIONS = YES;
				CLANG_WARN_DIRECT_OBJC_ISA_USAGE = YES_ERROR;
				CLANG_WARN_DOCUMENTATION_COMMENTS = YES;
				CLANG_WARN_EMPTY_BODY = YES;
				CLANG_WARN_ENUM_CONVERSION = YES;
				CLANG_WARN_INFINITE_RECURSION = YES;
				CLANG_WARN_INT_CONVERSION = YES;
				CLANG_WARN_NON_LITERAL_NULL_CONVERSION = YES;
				CLANG_WARN_OBJC_IMPLICIT_RETAIN_SELF = YES;
				CLANG_WARN_OBJC_LITERAL_CONVERSION = YES;
				CLANG_WARN_OBJC_ROOT_CLASS = YES_ERROR;
				CLANG_WARN_QUOTED_INCLUDE_IN_FRAMEWORK_HEADER = YES;
				CLANG_WARN_RANGE_LOOP_ANALYSIS = YES;
				CLANG_WARN_STRICT_PROTOTYPES = YES;
				CLANG_WARN_SUSPICIOUS_MOVE = YES;
				CLANG_WARN_UNGUARDED_AVAILABILITY = YES_AGGRESSIVE;
				CLANG_WARN_UNREACHABLE_CODE = YES;
				CLANG_WARN__DUPLICATE_METHOD_MATCH = YES;
				COPY_PHASE_STRIP = NO;
				DEBUG_INFORMATION_FORMAT = dwarf;
				ENABLE_STRICT_OBJC_MSGSEND = YES;
				ENABLE_TESTABILITY = YES;
				GCC_C_LANGUAGE_STANDARD = gnu11;
				GCC_DYNAMIC_NO_PIC = NO;
				GCC_NO_COMMON_BLOCKS = YES;
				GCC_OPTIMIZATION_LEVEL = 0;
				GCC_PREPROCESSOR_DEFINITIONS = (
					"DEBUG=1",
					"$(inherited)",
				);
				GCC_WARN_64_TO_32_BIT_CONVERSION = YES;
				GCC_WARN_ABOUT_RETURN_TYPE = YES_ERROR;
				GCC_WARN_UNDECLARED_SELECTOR = YES;
				GCC_WARN_UNINITIALIZED_AUTOS = YES_AGGRESSIVE;
				GCC_WARN_UNUSED_FUNCTION = YES;
				GCC_WARN_UNUSED_VARIABLE = YES;
				IPHONEOS_DEPLOYMENT_TARGET = 15.5;
				MTL_ENABLE_DEBUG_INFO = INCLUDE_SOURCE;
				MTL_FAST_MATH = YES;
				ONLY_ACTIVE_ARCH = YES;
				SDKROOT = iphoneos;
				SWIFT_ACTIVE_COMPILATION_CONDITIONS = DEBUG;
				SWIFT_OPTIMIZATION_LEVEL = "-Onone";
			};
			name = Debug;
		};
		F918EDD928BB774A0069C006 /* Release */ = {
			isa = XCBuildConfiguration;
			buildSettings = {
				ALWAYS_SEARCH_USER_PATHS = NO;
				CLANG_ANALYZER_NONNULL = YES;
				CLANG_ANALYZER_NUMBER_OBJECT_CONVERSION = YES_AGGRESSIVE;
				CLANG_CXX_LANGUAGE_STANDARD = "gnu++17";
				CLANG_ENABLE_MODULES = YES;
				CLANG_ENABLE_OBJC_ARC = YES;
				CLANG_ENABLE_OBJC_WEAK = YES;
				CLANG_WARN_BLOCK_CAPTURE_AUTORELEASING = YES;
				CLANG_WARN_BOOL_CONVERSION = YES;
				CLANG_WARN_COMMA = YES;
				CLANG_WARN_CONSTANT_CONVERSION = YES;
				CLANG_WARN_DEPRECATED_OBJC_IMPLEMENTATIONS = YES;
				CLANG_WARN_DIRECT_OBJC_ISA_USAGE = YES_ERROR;
				CLANG_WARN_DOCUMENTATION_COMMENTS = YES;
				CLANG_WARN_EMPTY_BODY = YES;
				CLANG_WARN_ENUM_CONVERSION = YES;
				CLANG_WARN_INFINITE_RECURSION = YES;
				CLANG_WARN_INT_CONVERSION = YES;
				CLANG_WARN_NON_LITERAL_NULL_CONVERSION = YES;
				CLANG_WARN_OBJC_IMPLICIT_RETAIN_SELF = YES;
				CLANG_WARN_OBJC_LITERAL_CONVERSION = YES;
				CLANG_WARN_OBJC_ROOT_CLASS = YES_ERROR;
				CLANG_WARN_QUOTED_INCLUDE_IN_FRAMEWORK_HEADER = YES;
				CLANG_WARN_RANGE_LOOP_ANALYSIS = YES;
				CLANG_WARN_STRICT_PROTOTYPES = YES;
				CLANG_WARN_SUSPICIOUS_MOVE = YES;
				CLANG_WARN_UNGUARDED_AVAILABILITY = YES_AGGRESSIVE;
				CLANG_WARN_UNREACHABLE_CODE = YES;
				CLANG_WARN__DUPLICATE_METHOD_MATCH = YES;
				COPY_PHASE_STRIP = NO;
				DEBUG_INFORMATION_FORMAT = "dwarf-with-dsym";
				ENABLE_NS_ASSERTIONS = NO;
				ENABLE_STRICT_OBJC_MSGSEND = YES;
				GCC_C_LANGUAGE_STANDARD = gnu11;
				GCC_NO_COMMON_BLOCKS = YES;
				GCC_WARN_64_TO_32_BIT_CONVERSION = YES;
				GCC_WARN_ABOUT_RETURN_TYPE = YES_ERROR;
				GCC_WARN_UNDECLARED_SELECTOR = YES;
				GCC_WARN_UNINITIALIZED_AUTOS = YES_AGGRESSIVE;
				GCC_WARN_UNUSED_FUNCTION = YES;
				GCC_WARN_UNUSED_VARIABLE = YES;
				IPHONEOS_DEPLOYMENT_TARGET = 15.5;
				MTL_ENABLE_DEBUG_INFO = NO;
				MTL_FAST_MATH = YES;
				SDKROOT = iphoneos;
				SWIFT_COMPILATION_MODE = wholemodule;
				SWIFT_OPTIMIZATION_LEVEL = "-O";
				VALIDATE_PRODUCT = YES;
			};
			name = Release;
		};
		F918EDDB28BB774A0069C006 /* Debug */ = {
			isa = XCBuildConfiguration;
			baseConfigurationReference = AF0D2C28436982700A94267B /* Pods-HighWaters.debug.xcconfig */;
			buildSettings = {
				ASSETCATALOG_COMPILER_APPICON_NAME = AppIcon;
				ASSETCATALOG_COMPILER_GLOBAL_ACCENT_COLOR_NAME = AccentColor;
				CODE_SIGN_STYLE = Automatic;
				CURRENT_PROJECT_VERSION = 1;
				DEVELOPMENT_TEAM = 6RYV8J9924;
				GENERATE_INFOPLIST_FILE = YES;
				INFOPLIST_FILE = HighWaters/Info.plist;
				INFOPLIST_KEY_UIApplicationSupportsIndirectInputEvents = YES;
				INFOPLIST_KEY_UILaunchStoryboardName = LaunchScreen;
				INFOPLIST_KEY_UIMainStoryboardFile = Main;
				INFOPLIST_KEY_UISupportedInterfaceOrientations_iPad = "UIInterfaceOrientationPortrait UIInterfaceOrientationPortraitUpsideDown UIInterfaceOrientationLandscapeLeft UIInterfaceOrientationLandscapeRight";
				INFOPLIST_KEY_UISupportedInterfaceOrientations_iPhone = "UIInterfaceOrientationPortrait UIInterfaceOrientationLandscapeLeft UIInterfaceOrientationLandscapeRight";
				LD_RUNPATH_SEARCH_PATHS = (
					"$(inherited)",
					"@executable_path/Frameworks",
				);
				MARKETING_VERSION = 1.0;
				PRODUCT_BUNDLE_IDENTIFIER = com.fattah2402.HighWaters;
				PRODUCT_NAME = "$(TARGET_NAME)";
				SWIFT_EMIT_LOC_STRINGS = YES;
				SWIFT_VERSION = 5.0;
				TARGETED_DEVICE_FAMILY = "1,2";
			};
			name = Debug;
		};
		F918EDDC28BB774A0069C006 /* Release */ = {
			isa = XCBuildConfiguration;
			baseConfigurationReference = D326BB75D47F55B5C869B7F9 /* Pods-HighWaters.release.xcconfig */;
			buildSettings = {
				ASSETCATALOG_COMPILER_APPICON_NAME = AppIcon;
				ASSETCATALOG_COMPILER_GLOBAL_ACCENT_COLOR_NAME = AccentColor;
				CODE_SIGN_STYLE = Automatic;
				CURRENT_PROJECT_VERSION = 1;
				DEVELOPMENT_TEAM = 6RYV8J9924;
				GENERATE_INFOPLIST_FILE = YES;
				INFOPLIST_FILE = HighWaters/Info.plist;
				INFOPLIST_KEY_UIApplicationSupportsIndirectInputEvents = YES;
				INFOPLIST_KEY_UILaunchStoryboardName = LaunchScreen;
				INFOPLIST_KEY_UIMainStoryboardFile = Main;
				INFOPLIST_KEY_UISupportedInterfaceOrientations_iPad = "UIInterfaceOrientationPortrait UIInterfaceOrientationPortraitUpsideDown UIInterfaceOrientationLandscapeLeft UIInterfaceOrientationLandscapeRight";
				INFOPLIST_KEY_UISupportedInterfaceOrientations_iPhone = "UIInterfaceOrientationPortrait UIInterfaceOrientationLandscapeLeft UIInterfaceOrientationLandscapeRight";
				LD_RUNPATH_SEARCH_PATHS = (
					"$(inherited)",
					"@executable_path/Frameworks",
				);
				MARKETING_VERSION = 1.0;
				PRODUCT_BUNDLE_IDENTIFIER = com.fattah2402.HighWaters;
				PRODUCT_NAME = "$(TARGET_NAME)";
				SWIFT_EMIT_LOC_STRINGS = YES;
				SWIFT_VERSION = 5.0;
				TARGETED_DEVICE_FAMILY = "1,2";
			};
			name = Release;
		};
		F918EDDE28BB774A0069C006 /* Debug */ = {
			isa = XCBuildConfiguration;
			baseConfigurationReference = 6B0D3A757226EF04A0E0DD4A /* Pods-HighWatersTests.debug.xcconfig */;
			buildSettings = {
				ALWAYS_EMBED_SWIFT_STANDARD_LIBRARIES = YES;
				BUNDLE_LOADER = "$(TEST_HOST)";
				CODE_SIGN_STYLE = Automatic;
				CURRENT_PROJECT_VERSION = 1;
				DEVELOPMENT_TEAM = 6RYV8J9924;
				GENERATE_INFOPLIST_FILE = YES;
				IPHONEOS_DEPLOYMENT_TARGET = 15.5;
				MARKETING_VERSION = 1.0;
				PRODUCT_BUNDLE_IDENTIFIER = com.fattah2402.HighWatersTests;
				PRODUCT_NAME = "$(TARGET_NAME)";
				SWIFT_EMIT_LOC_STRINGS = NO;
				SWIFT_VERSION = 5.0;
				TARGETED_DEVICE_FAMILY = "1,2";
				TEST_HOST = "$(BUILT_PRODUCTS_DIR)/HighWaters.app/HighWaters";
			};
			name = Debug;
		};
		F918EDDF28BB774A0069C006 /* Release */ = {
			isa = XCBuildConfiguration;
			baseConfigurationReference = 891F8CB1B3B70307BDB39483 /* Pods-HighWatersTests.release.xcconfig */;
			buildSettings = {
				ALWAYS_EMBED_SWIFT_STANDARD_LIBRARIES = YES;
				BUNDLE_LOADER = "$(TEST_HOST)";
				CODE_SIGN_STYLE = Automatic;
				CURRENT_PROJECT_VERSION = 1;
				DEVELOPMENT_TEAM = 6RYV8J9924;
				GENERATE_INFOPLIST_FILE = YES;
				IPHONEOS_DEPLOYMENT_TARGET = 15.5;
				MARKETING_VERSION = 1.0;
				PRODUCT_BUNDLE_IDENTIFIER = com.fattah2402.HighWatersTests;
				PRODUCT_NAME = "$(TARGET_NAME)";
				SWIFT_EMIT_LOC_STRINGS = NO;
				SWIFT_VERSION = 5.0;
				TARGETED_DEVICE_FAMILY = "1,2";
				TEST_HOST = "$(BUILT_PRODUCTS_DIR)/HighWaters.app/HighWaters";
			};
			name = Release;
		};
		F918EDE128BB774A0069C006 /* Debug */ = {
			isa = XCBuildConfiguration;
			baseConfigurationReference = C4A6F899C9FEA861C79FF2C6 /* Pods-HighWaters-HighWatersUITests.debug.xcconfig */;
			buildSettings = {
				ALWAYS_EMBED_SWIFT_STANDARD_LIBRARIES = YES;
				CODE_SIGN_STYLE = Automatic;
				CURRENT_PROJECT_VERSION = 1;
				DEVELOPMENT_TEAM = 6RYV8J9924;
				GENERATE_INFOPLIST_FILE = YES;
				MARKETING_VERSION = 1.0;
				PRODUCT_BUNDLE_IDENTIFIER = com.fattah2402.HighWatersUITests;
				PRODUCT_NAME = "$(TARGET_NAME)";
				SWIFT_EMIT_LOC_STRINGS = NO;
				SWIFT_VERSION = 5.0;
				TARGETED_DEVICE_FAMILY = "1,2";
				TEST_TARGET_NAME = HighWaters;
			};
			name = Debug;
		};
		F918EDE228BB774A0069C006 /* Release */ = {
			isa = XCBuildConfiguration;
			baseConfigurationReference = E2504BCC077725D578E24714 /* Pods-HighWaters-HighWatersUITests.release.xcconfig */;
			buildSettings = {
				ALWAYS_EMBED_SWIFT_STANDARD_LIBRARIES = YES;
				CODE_SIGN_STYLE = Automatic;
				CURRENT_PROJECT_VERSION = 1;
				DEVELOPMENT_TEAM = 6RYV8J9924;
				GENERATE_INFOPLIST_FILE = YES;
				MARKETING_VERSION = 1.0;
				PRODUCT_BUNDLE_IDENTIFIER = com.fattah2402.HighWatersUITests;
				PRODUCT_NAME = "$(TARGET_NAME)";
				SWIFT_EMIT_LOC_STRINGS = NO;
				SWIFT_VERSION = 5.0;
				TARGETED_DEVICE_FAMILY = "1,2";
				TEST_TARGET_NAME = HighWaters;
			};
			name = Release;
		};
/* End XCBuildConfiguration section */

/* Begin XCConfigurationList section */
		F918EDAB28BB77480069C006 /* Build configuration list for PBXProject "HighWaters" */ = {
			isa = XCConfigurationList;
			buildConfigurations = (
				F918EDD828BB774A0069C006 /* Debug */,
				F918EDD928BB774A0069C006 /* Release */,
			);
			defaultConfigurationIsVisible = 0;
			defaultConfigurationName = Release;
		};
		F918EDDA28BB774A0069C006 /* Build configuration list for PBXNativeTarget "HighWaters" */ = {
			isa = XCConfigurationList;
			buildConfigurations = (
				F918EDDB28BB774A0069C006 /* Debug */,
				F918EDDC28BB774A0069C006 /* Release */,
			);
			defaultConfigurationIsVisible = 0;
			defaultConfigurationName = Release;
		};
		F918EDDD28BB774A0069C006 /* Build configuration list for PBXNativeTarget "HighWatersTests" */ = {
			isa = XCConfigurationList;
			buildConfigurations = (
				F918EDDE28BB774A0069C006 /* Debug */,
				F918EDDF28BB774A0069C006 /* Release */,
			);
			defaultConfigurationIsVisible = 0;
			defaultConfigurationName = Release;
		};
		F918EDE028BB774A0069C006 /* Build configuration list for PBXNativeTarget "HighWatersUITests" */ = {
			isa = XCConfigurationList;
			buildConfigurations = (
				F918EDE128BB774A0069C006 /* Debug */,
				F918EDE228BB774A0069C006 /* Release */,
			);
			defaultConfigurationIsVisible = 0;
			defaultConfigurationName = Release;
		};
/* End XCConfigurationList section */
	};
	rootObject = F918EDA828BB77480069C006 /* Project object */;
}
